// !$*UTF8*$!
{
	archiveVersion = 1;
	classes = {
	};
	objectVersion = 42;
	objects = {

/* Begin PBXAggregateTarget section */
		D8684B960ACBFB93009F6478 /* everything suite */ = {
			isa = PBXAggregateTarget;
			buildConfigurationList = D8684BAA0ACBFBDD009F6478 /* Build configuration list for PBXAggregateTarget "everything suite" */;
			buildPhases = (
			);
			comments = "Builds the Library and all the test shell tools.";
			dependencies = (
				3D3B2826104D8B740043A026 /* PBXTargetDependency */,
				3D3534900F0D2DB30059CD05 /* PBXTargetDependency */,
			);
			name = "everything suite";
			productName = "lib+test suite";
		};
/* End PBXAggregateTarget section */

/* Begin PBXApplicationTarget section */
		3D9D57CD0E12E22800C4C68D /* PmDefaults */ = {
			isa = PBXApplicationTarget;
			buildConfigurationList = 3D9D57D00E12E24600C4C68D /* Build configuration list for PBXApplicationTarget "PmDefaults" */;
			buildPhases = (
				3D9D57C90E12E22800C4C68D /* Sources */,
				3D9D57CA0E12E22800C4C68D /* Resources */,
				3D9D57CB0E12E22800C4C68D /* JavaArchive */,
				3D9D57CC0E12E22800C4C68D /* Frameworks */,
				3D1A6BA30FC8A92D008E9959 /* CopyFiles */,
			);
			comments = "Application to set PortMidi default input and output devices.";
			dependencies = (
			);
			name = PmDefaults;
			productInstallPath = "$(USER_APPS_DIR)";
			productName = pmdefaults;
			productReference = 3D9D57CE0E12E22800C4C68D /* pmdefaults.app */;
			productSettingsXML = "<?xml version=\"1.0\" encoding=\"UTF-8\"?>
<!DOCTYPE plist PUBLIC \"-//Apple//DTD PLIST 1.0//EN\" \"http://www.apple.com/DTDs/PropertyList-1.0.dtd\">
<plist version=\"1.0\">
<dict>
	<key>CFBundleDevelopmentRegion</key>
	<string>English</string>
	<key>CFBundleExecutable</key>
	<string>PmDefaults</string>
	<key>CFBundleGetInfoString</key>
	<string>1.00</string>
	<key>CFBundleIconFile</key>
	<string>pmdefaults</string>
	<key>CFBundleIdentifier</key>
	<string></string>
	<key>CFBundleInfoDictionaryVersion</key>
	<string>6.0</string>
	<key>CFBundleName</key>
	<string>PmDefaults</string>
	<key>CFBundlePackageType</key>
	<string>APPL</string>
	<key>CFBundleSignature</key>
	<string>????</string>
	<key>CFBundleVersion</key>
	<string>1.00</string>
	<key>Java</key>
	<dict>
		<key>ClassPath</key>
		<array>
			<string>$JAVAROOT/pmdefaults.jar</string>
		</array>
		<key>JVMArchs</key>
		<array>
			<string>i386</string>
		</array>
		<key>JVMVersion</key>
		<string>1.5</string>
		<key>MainClass</key>
		<string>pmdefaults.PmDefaults</string>
		<key>Properties</key>
		<dict>
			<key>apple.awt.textantialiasing</key>
			<string>on</string>
		</dict>
		<key>VMOptions</key>
		<string>-verbose</string>
		<key>WorkingDirectory</key>
		<string>$APP_PACKAGE/Contents/Resources/</string>
	</dict>
</dict>
</plist>
";
		};
/* End PBXApplicationTarget section */

/* Begin PBXBuildFile section */
		3D17A16A0E13D6B700930576 /* JPortMidi.java in Sources */ = {isa = PBXBuildFile; fileRef = 3D9D57DE0E12E39B00C4C68D /* JPortMidi.java */; };
		3D17A16C0E13D70800930576 /* JPortMidiException.java in Sources */ = {isa = PBXBuildFile; fileRef = 3D9D57E40E12E39B00C4C68D /* JPortMidiException.java */; };
		3D17A16D0E13D70E00930576 /* JPortMidiApi.java in Sources */ = {isa = PBXBuildFile; fileRef = 3D9D57E20E12E39B00C4C68D /* JPortMidiApi.java */; };
		3D17A16E0E13D70E00930576 /* PmDefaults.java in Sources */ = {isa = PBXBuildFile; fileRef = 3D9D57EF0E12E3DE00C4C68D /* PmDefaults.java */; };
		3D17A16F0E13D70E00930576 /* PmDefaultsFrame.java in Sources */ = {isa = PBXBuildFile; fileRef = 3D9D57F50E12E3DE00C4C68D /* PmDefaultsFrame.java */; };
		3D17A4C40E14079000930576 /* pmdefaults.icns in Resources */ = {isa = PBXBuildFile; fileRef = 3D17A4C30E14079000930576 /* pmdefaults.icns */; };
		3D29FEC2105EDCFA009417D8 /* CoreServices.framework in Frameworks */ = {isa = PBXBuildFile; fileRef = 3D17A2280E13EF8000930576 /* CoreServices.framework */; };
		3D3B2818104D8AF90043A026 /* CoreMIDI.framework in Frameworks */ = {isa = PBXBuildFile; fileRef = 3DA774480663EAE60002CE69 /* CoreMIDI.framework */; };
		3D3B2819104D8AF90043A026 /* CoreFoundation.framework in Frameworks */ = {isa = PBXBuildFile; fileRef = 3DA7744E0663EBB20002CE69 /* CoreFoundation.framework */; };
		3D3B281A104D8AF90043A026 /* CoreAudio.framework in Frameworks */ = {isa = PBXBuildFile; fileRef = 3DA774500663EBBF0002CE69 /* CoreAudio.framework */; };
		3D85B13E10672F59003F6706 /* libpmjni.dylib in CopyFiles */ = {isa = PBXBuildFile; fileRef = 3D85B13D10672F59003F6706 /* libpmjni.dylib */; };
		3D9D57E60E12E39B00C4C68D /* JPortMidi.java in Sources */ = {isa = PBXBuildFile; fileRef = 3D9D57DE0E12E39B00C4C68D /* JPortMidi.java */; };
		3D9D57EA0E12E39B00C4C68D /* JPortMidiApi.java in Sources */ = {isa = PBXBuildFile; fileRef = 3D9D57E20E12E39B00C4C68D /* JPortMidiApi.java */; };
		3D9D57EC0E12E39B00C4C68D /* JPortMidiException.java in Sources */ = {isa = PBXBuildFile; fileRef = 3D9D57E40E12E39B00C4C68D /* JPortMidiException.java */; };
		3D9D57F80E12E3DE00C4C68D /* PmDefaults.java in Sources */ = {isa = PBXBuildFile; fileRef = 3D9D57EF0E12E3DE00C4C68D /* PmDefaults.java */; };
		3D9D57FE0E12E3DE00C4C68D /* PmDefaultsFrame.java in Sources */ = {isa = PBXBuildFile; fileRef = 3D9D57F50E12E3DE00C4C68D /* PmDefaultsFrame.java */; };
		3D9D57FF0E12E3DE00C4C68D /* portmusic_logo.png in Resources */ = {isa = PBXBuildFile; fileRef = 3D9D57F60E12E3DE00C4C68D /* portmusic_logo.png */; };
		3DB8DD8810614B7700CD6802 /* test.c in Sources */ = {isa = PBXBuildFile; fileRef = 3DB8DD8710614B7700CD6802 /* test.c */; };
		3DEEAAE3108CA7B40005BF4F /* libportmidi.dylib in Frameworks */ = {isa = PBXBuildFile; fileRef = 3DEEAAE2108CA7B40005BF4F /* libportmidi.dylib */; };
/* End PBXBuildFile section */

/* Begin PBXContainerItemProxy section */
		3D35348F0F0D2DB30059CD05 /* PBXContainerItemProxy */ = {
			isa = PBXContainerItemProxy;
			containerPortal = 5851D5180479552300EE98CD /* Project object */;
			proxyType = 1;
			remoteGlobalIDString = 3D9D57CD0E12E22800C4C68D;
			remoteInfo = PmDefaults;
		};
		3D3B2825104D8B740043A026 /* PBXContainerItemProxy */ = {
			isa = PBXContainerItemProxy;
			containerPortal = 5851D5180479552300EE98CD /* Project object */;
			proxyType = 1;
			remoteGlobalIDString = 3D3B2811104D8AF90043A026;
			remoteInfo = "test-dylib";
		};
/* End PBXContainerItemProxy section */

/* Begin PBXCopyFilesBuildPhase section */
		3D1A6BA30FC8A92D008E9959 /* CopyFiles */ = {
			isa = PBXCopyFilesBuildPhase;
			buildActionMask = 2147483647;
			dstPath = "";
			dstSubfolderSpec = 15;
			files = (
				3D85B13E10672F59003F6706 /* libpmjni.dylib in CopyFiles */,
			);
			runOnlyForDeploymentPostprocessing = 0;
		};
/* End PBXCopyFilesBuildPhase section */

/* Begin PBXFileReference section */
		3D17A18C0E13E1EF00930576 /* jportmidi_JportMidiApi.h */ = {isa = PBXFileReference; fileEncoding = 30; lastKnownFileType = sourcecode.c.h; name = jportmidi_JportMidiApi.h; path = ../pm_java/pmjni/jportmidi_JportMidiApi.h; sourceTree = "<group>"; };
		3D17A1A10E13E30100930576 /* pmjni.c */ = {isa = PBXFileReference; fileEncoding = 30; lastKnownFileType = sourcecode.c.c; name = pmjni.c; path = ../pm_java/pmjni/pmjni.c; sourceTree = SOURCE_ROOT; };
		3D17A1E70E13E57700930576 /* JavaVM.framework */ = {isa = PBXFileReference; lastKnownFileType = wrapper.framework; name = JavaVM.framework; path = /System/Library/Frameworks/JavaVM.framework; sourceTree = "<absolute>"; };
		3D17A2280E13EF8000930576 /* CoreServices.framework */ = {isa = PBXFileReference; lastKnownFileType = wrapper.framework; name = CoreServices.framework; path = /System/Library/Frameworks/CoreServices.framework; sourceTree = "<absolute>"; };
		3D17A4C30E14079000930576 /* pmdefaults.icns */ = {isa = PBXFileReference; lastKnownFileType = image.icns; name = pmdefaults.icns; path = ../pm_java/pmdefaults/pmdefaults.icns; sourceTree = SOURCE_ROOT; };
		3D3B2820104D8AF90043A026 /* test-dylib */ = {isa = PBXFileReference; explicitFileType = "compiled.mach-o.executable"; includeInIndex = 0; path = "test-dylib"; sourceTree = BUILT_PRODUCTS_DIR; };
		3D85B13D10672F59003F6706 /* libpmjni.dylib */ = {isa = PBXFileReference; lastKnownFileType = "compiled.mach-o.dylib"; name = libpmjni.dylib; path = ../Release/libpmjni.dylib; sourceTree = SOURCE_ROOT; };
		3D9D57CE0E12E22800C4C68D /* pmdefaults.app */ = {isa = PBXFileReference; explicitFileType = wrapper.application; includeInIndex = 0; path = pmdefaults.app; sourceTree = BUILT_PRODUCTS_DIR; };
		3D9D57DE0E12E39B00C4C68D /* JPortMidi.java */ = {isa = PBXFileReference; fileEncoding = 30; lastKnownFileType = sourcecode.java; path = JPortMidi.java; sourceTree = "<group>"; };
		3D9D57E20E12E39B00C4C68D /* JPortMidiApi.java */ = {isa = PBXFileReference; fileEncoding = 30; lastKnownFileType = sourcecode.java; path = JPortMidiApi.java; sourceTree = "<group>"; };
		3D9D57E40E12E39B00C4C68D /* JPortMidiException.java */ = {isa = PBXFileReference; fileEncoding = 30; lastKnownFileType = sourcecode.java; path = JPortMidiException.java; sourceTree = "<group>"; };
		3D9D57EF0E12E3DE00C4C68D /* PmDefaults.java */ = {isa = PBXFileReference; fileEncoding = 30; lastKnownFileType = sourcecode.java; path = PmDefaults.java; sourceTree = "<group>"; };
		3D9D57F50E12E3DE00C4C68D /* PmDefaultsFrame.java */ = {isa = PBXFileReference; fileEncoding = 30; lastKnownFileType = sourcecode.java; path = PmDefaultsFrame.java; sourceTree = "<group>"; };
		3D9D57F60E12E3DE00C4C68D /* portmusic_logo.png */ = {isa = PBXFileReference; lastKnownFileType = image.png; path = portmusic_logo.png; sourceTree = "<group>"; };
		3DA774480663EAE60002CE69 /* CoreMIDI.framework */ = {isa = PBXFileReference; lastKnownFileType = wrapper.framework; name = CoreMIDI.framework; path = /System/Library/Frameworks/CoreMIDI.framework; sourceTree = "<absolute>"; };
		3DA7744E0663EBB20002CE69 /* CoreFoundation.framework */ = {isa = PBXFileReference; lastKnownFileType = wrapper.framework; name = CoreFoundation.framework; path = /System/Library/Frameworks/CoreFoundation.framework; sourceTree = "<absolute>"; };
		3DA774500663EBBF0002CE69 /* CoreAudio.framework */ = {isa = PBXFileReference; lastKnownFileType = wrapper.framework; name = CoreAudio.framework; path = /System/Library/Frameworks/CoreAudio.framework; sourceTree = "<absolute>"; };
		3DB8DD8710614B7700CD6802 /* test.c */ = {isa = PBXFileReference; fileEncoding = 4; lastKnownFileType = sourcecode.c.c; name = test.c; path = ../pm_test/test.c; sourceTree = SOURCE_ROOT; };
		3DB8DDB8106189B200CD6802 /* JPortMidiHeaders.jar */ = {isa = PBXFileReference; explicitFileType = archive.jar; includeInIndex = 0; path = JPortMidiHeaders.jar; sourceTree = BUILT_PRODUCTS_DIR; };
		3DEEAAE2108CA7B40005BF4F /* libportmidi.dylib */ = {isa = PBXFileReference; lastKnownFileType = "compiled.mach-o.dylib"; name = libportmidi.dylib; path = ../Release/libportmidi.dylib; sourceTree = SOURCE_ROOT; };
/* End PBXFileReference section */

/* Begin PBXFrameworksBuildPhase section */
		3D17A13B0E13D47F00930576 /* Frameworks */ = {
			isa = PBXFrameworksBuildPhase;
			buildActionMask = 2147483647;
			files = (
			);
			runOnlyForDeploymentPostprocessing = 0;
		};
		3D3B2816104D8AF90043A026 /* Frameworks */ = {
			isa = PBXFrameworksBuildPhase;
			buildActionMask = 2147483647;
			files = (
				3D3B2818104D8AF90043A026 /* CoreMIDI.framework in Frameworks */,
				3D3B2819104D8AF90043A026 /* CoreFoundation.framework in Frameworks */,
				3D3B281A104D8AF90043A026 /* CoreAudio.framework in Frameworks */,
				3D29FEC2105EDCFA009417D8 /* CoreServices.framework in Frameworks */,
				3DEEAAE3108CA7B40005BF4F /* libportmidi.dylib in Frameworks */,
			);
			runOnlyForDeploymentPostprocessing = 0;
		};
		3D9D57CC0E12E22800C4C68D /* Frameworks */ = {
			isa = PBXFrameworksBuildPhase;
			buildActionMask = 2147483647;
			files = (
			);
			runOnlyForDeploymentPostprocessing = 0;
		};
/* End PBXFrameworksBuildPhase section */

/* Begin PBXGroup section */
		3D9D57D90E12E35700C4C68D /* pm_java */ = {
			isa = PBXGroup;
			children = (
				3D9D57ED0E12E3DE00C4C68D /* pmdefaults */,
				3D9D57DC0E12E39B00C4C68D /* jportmidi */,
			);
			name = pm_java;
			sourceTree = "<group>";
		};
		3D9D57DC0E12E39B00C4C68D /* jportmidi */ = {
			isa = PBXGroup;
			children = (
				3D9D57DE0E12E39B00C4C68D /* JPortMidi.java */,
				3D9D57E20E12E39B00C4C68D /* JPortMidiApi.java */,
				3D9D57E40E12E39B00C4C68D /* JPortMidiException.java */,
			);
			name = jportmidi;
			path = ../pm_java/jportmidi;
			sourceTree = SOURCE_ROOT;
		};
		3D9D57ED0E12E3DE00C4C68D /* pmdefaults */ = {
			isa = PBXGroup;
			children = (
				3D9D57EF0E12E3DE00C4C68D /* PmDefaults.java */,
				3D9D57F50E12E3DE00C4C68D /* PmDefaultsFrame.java */,
				3D9D57F60E12E3DE00C4C68D /* portmusic_logo.png */,
			);
			name = pmdefaults;
			path = ../pm_java/pmdefaults;
			sourceTree = SOURCE_ROOT;
		};
		5851D5140479552300EE98CD = {
			isa = PBXGroup;
			children = (
				3DEEAAE2108CA7B40005BF4F /* libportmidi.dylib */,
				3D85B13D10672F59003F6706 /* libpmjni.dylib */,
				3DB8DD8710614B7700CD6802 /* test.c */,
				3D17A4C30E14079000930576 /* pmdefaults.icns */,
				3D17A2280E13EF8000930576 /* CoreServices.framework */,
				3D17A1E70E13E57700930576 /* JavaVM.framework */,
				3D17A1A10E13E30100930576 /* pmjni.c */,
				3D9D57D90E12E35700C4C68D /* pm_java */,
				5851D5390479562300EE98CD /* Products */,
				3DA774480663EAE60002CE69 /* CoreMIDI.framework */,
				3DA7744E0663EBB20002CE69 /* CoreFoundation.framework */,
				3DA774500663EBBF0002CE69 /* CoreAudio.framework */,
			);
			sourceTree = "<group>";
		};
		5851D5390479562300EE98CD /* Products */ = {
			isa = PBXGroup;
			children = (
				3D9D57CE0E12E22800C4C68D /* pmdefaults.app */,
				3D17A18C0E13E1EF00930576 /* jportmidi_JportMidiApi.h */,
				3D3B2820104D8AF90043A026 /* test-dylib */,
				3DB8DDB8106189B200CD6802 /* JPortMidiHeaders.jar */,
			);
			name = Products;
			sourceTree = "<group>";
		};
/* End PBXGroup section */

/* Begin PBXJavaArchiveBuildPhase section */
		3D17A13A0E13D47F00930576 /* JavaArchive */ = {
			isa = PBXJavaArchiveBuildPhase;
			buildActionMask = 2147483647;
			files = (
			);
			runOnlyForDeploymentPostprocessing = 0;
		};
		3D9D57CB0E12E22800C4C68D /* JavaArchive */ = {
			isa = PBXJavaArchiveBuildPhase;
			buildActionMask = 2147483647;
			files = (
			);
			runOnlyForDeploymentPostprocessing = 0;
		};
/* End PBXJavaArchiveBuildPhase section */

/* Begin PBXLibraryTarget section */
		3D17A13C0E13D47F00930576 /* JPortMidiHeaders */ = {
			isa = PBXLibraryTarget;
			buildConfigurationList = 3D17A1470E13D48800930576 /* Build configuration list for PBXLibraryTarget "JPortMidiHeaders" */;
			buildPhases = (
				3D17A1390E13D47F00930576 /* Sources */,
				3D17A13A0E13D47F00930576 /* JavaArchive */,
				3D17A13B0E13D47F00930576 /* Frameworks */,
				3D17A1560E13D4E400930576 /* ShellScript */,
			);
			dependencies = (
			);
			name = JPortMidiHeaders;
			productInstallPath = /usr/local/lib;
			productName = JPortMidiHeaders;
			productReference = 3DB8DDB8106189B200CD6802 /* JPortMidiHeaders.jar */;
		};
/* End PBXLibraryTarget section */

/* Begin PBXNativeTarget section */
		3D3B2811104D8AF90043A026 /* test-dylib */ = {
			isa = PBXNativeTarget;
			buildConfigurationList = 3D3B281C104D8AF90043A026 /* Build configuration list for PBXNativeTarget "test-dylib" */;
			buildPhases = (
				3D3B2814104D8AF90043A026 /* Sources */,
				3D3B2816104D8AF90043A026 /* Frameworks */,
			);
			buildRules = (
			);
			comments = "A PortMidi test program -- this build is here to demonstrate and test an application that uses dynamic linking to include PortMidi\n";
			dependencies = (
			);
			name = "test-dylib";
			productName = test;
			productReference = 3D3B2820104D8AF90043A026 /* test-dylib */;
			productType = "com.apple.product-type.tool";
		};
/* End PBXNativeTarget section */

/* Begin PBXProject section */
		5851D5180479552300EE98CD /* Project object */ = {
			isa = PBXProject;
			buildConfigurationList = D814401B0ACB28B600515C41 /* Build configuration list for PBXProject "pm_mac" */;
			compatibilityVersion = "Xcode 2.4";
			hasScannedForEncodings = 1;
			mainGroup = 5851D5140479552300EE98CD;
			productRefGroup = 5851D5390479562300EE98CD /* Products */;
			projectDirPath = "";
			projectRoot = ..;
			targets = (
				D8684B960ACBFB93009F6478 /* everything suite */,
				3D9D57CD0E12E22800C4C68D /* PmDefaults */,
				3D17A13C0E13D47F00930576 /* JPortMidiHeaders */,
				3D3B2811104D8AF90043A026 /* test-dylib */,
			);
		};
/* End PBXProject section */

/* Begin PBXResourcesBuildPhase section */
		3D9D57CA0E12E22800C4C68D /* Resources */ = {
			isa = PBXResourcesBuildPhase;
			buildActionMask = 2147483647;
			files = (
				3D9D57FF0E12E3DE00C4C68D /* portmusic_logo.png in Resources */,
				3D17A4C40E14079000930576 /* pmdefaults.icns in Resources */,
			);
			runOnlyForDeploymentPostprocessing = 0;
		};
/* End PBXResourcesBuildPhase section */

/* Begin PBXShellScriptBuildPhase section */
		3D17A1560E13D4E400930576 /* ShellScript */ = {
			isa = PBXShellScriptBuildPhase;
			buildActionMask = 2147483647;
			comments = "Build header for the JNI interface. The source that specifies the interface is JPortMidiApi.java. There may be multiple header files created since there are some subclasses contained in JPortMidiApi.java, but the headers we need are for the outer JPortMidi class. The header file should be called jportmidi_JportMidiApi.h because that's what javah creates by default.\n";
			files = (
			);
			inputPaths = (
			);
			outputPaths = (
			);
			runOnlyForDeploymentPostprocessing = 0;
			shellPath = /bin/sh;
			shellScript = "echo BUILT_PRODUCTS_DIR is ${BUILT_PRODUCTS_DIR}\njavah -classpath \"${BUILT_PRODUCTS_DIR}/JPortMidiHeaders.jar\" -force -o \"${BUILT_PRODUCTS_DIR}/jportmidi_JportMidiApi.h\" \"jportmidi.JPortMidiApi\"\nmv \"${BUILT_PRODUCTS_DIR}/jportmidi_JportMidiApi.h\" ../pm_java/pmjni/\necho \"Created ../pm_java/pmjni/jportmidi_JportMidiApi.h\"\n";
		};
/* End PBXShellScriptBuildPhase section */

/* Begin PBXSourcesBuildPhase section */
		3D17A1390E13D47F00930576 /* Sources */ = {
			isa = PBXSourcesBuildPhase;
			buildActionMask = 2147483647;
			files = (
				3D17A16A0E13D6B700930576 /* JPortMidi.java in Sources */,
				3D17A16C0E13D70800930576 /* JPortMidiException.java in Sources */,
				3D17A16D0E13D70E00930576 /* JPortMidiApi.java in Sources */,
				3D17A16E0E13D70E00930576 /* PmDefaults.java in Sources */,
				3D17A16F0E13D70E00930576 /* PmDefaultsFrame.java in Sources */,
			);
			runOnlyForDeploymentPostprocessing = 0;
		};
		3D3B2814104D8AF90043A026 /* Sources */ = {
			isa = PBXSourcesBuildPhase;
			buildActionMask = 2147483647;
			files = (
				3DB8DD8810614B7700CD6802 /* test.c in Sources */,
			);
			runOnlyForDeploymentPostprocessing = 0;
		};
		3D9D57C90E12E22800C4C68D /* Sources */ = {
			isa = PBXSourcesBuildPhase;
			buildActionMask = 2147483647;
			files = (
				3D9D57EC0E12E39B00C4C68D /* JPortMidiException.java in Sources */,
				3D9D57E60E12E39B00C4C68D /* JPortMidi.java in Sources */,
				3D9D57EA0E12E39B00C4C68D /* JPortMidiApi.java in Sources */,
				3D9D57F80E12E3DE00C4C68D /* PmDefaults.java in Sources */,
				3D9D57FE0E12E3DE00C4C68D /* PmDefaultsFrame.java in Sources */,
			);
			runOnlyForDeploymentPostprocessing = 0;
		};
/* End PBXSourcesBuildPhase section */

/* Begin PBXTargetDependency section */
		3D3534900F0D2DB30059CD05 /* PBXTargetDependency */ = {
			isa = PBXTargetDependency;
			target = 3D9D57CD0E12E22800C4C68D /* PmDefaults */;
			targetProxy = 3D35348F0F0D2DB30059CD05 /* PBXContainerItemProxy */;
		};
		3D3B2826104D8B740043A026 /* PBXTargetDependency */ = {
			isa = PBXTargetDependency;
			target = 3D3B2811104D8AF90043A026 /* test-dylib */;
			targetProxy = 3D3B2825104D8B740043A026 /* PBXContainerItemProxy */;
		};
/* End PBXTargetDependency section */

/* Begin XCBuildConfiguration section */
		3D17A1480E13D48800930576 /* Debug */ = {
			isa = XCBuildConfiguration;
			buildSettings = {
				COPY_PHASE_STRIP = NO;
				DYLIB_COMPATIBILITY_VERSION = 1;
				DYLIB_CURRENT_VERSION = 1;
				GCC_DYNAMIC_NO_PIC = NO;
				GCC_GENERATE_DEBUGGING_SYMBOLS = YES;
				GCC_OPTIMIZATION_LEVEL = 0;
				JAVA_ARCHIVE_CLASSES = YES;
				JAVA_ARCHIVE_TYPE = JAR;
				JAVA_COMPILER = /usr/bin/javac;
				JAVA_SOURCE_SUBDIR = .;
				LIBRARY_STYLE = STATIC;
				OTHER_CFLAGS = "";
				OTHER_LDFLAGS = "";
				OTHER_LIBTOOL_FLAGS = "";
				OTHER_REZFLAGS = "";
				PRODUCT_NAME = JPortMidiHeaders;
				PURE_JAVA = YES;
				REZ_EXECUTABLE = YES;
				SECTORDER_FLAGS = "";
				WARNING_CFLAGS = (
					"-Wmost",
					"-Wno-four-char-constants",
					"-Wno-unknown-pragmas",
				);
			};
			name = Debug;
		};
		3D17A1490E13D48800930576 /* Release */ = {
			isa = XCBuildConfiguration;
			buildSettings = {
				COPY_PHASE_STRIP = YES;
				DYLIB_COMPATIBILITY_VERSION = 1;
				DYLIB_CURRENT_VERSION = 1;
				GCC_ENABLE_FIX_AND_CONTINUE = NO;
				GCC_GENERATE_DEBUGGING_SYMBOLS = NO;
				GCC_OPTIMIZATION_LEVEL = 0;
				JAVA_ARCHIVE_CLASSES = YES;
				JAVA_ARCHIVE_TYPE = JAR;
				JAVA_COMPILER = /usr/bin/javac;
				JAVA_SOURCE_SUBDIR = .;
				LIBRARY_STYLE = STATIC;
				OTHER_CFLAGS = "";
				OTHER_LDFLAGS = "";
				OTHER_LIBTOOL_FLAGS = "";
				OTHER_REZFLAGS = "";
				PRODUCT_NAME = JPortMidiHeaders;
				PURE_JAVA = YES;
				REZ_EXECUTABLE = YES;
				SECTORDER_FLAGS = "";
				WARNING_CFLAGS = (
					"-Wmost",
					"-Wno-four-char-constants",
					"-Wno-unknown-pragmas",
				);
				ZERO_LINK = NO;
			};
			name = Release;
		};
		3D17A14A0E13D48800930576 /* Default */ = {
			isa = XCBuildConfiguration;
			buildSettings = {
				DYLIB_COMPATIBILITY_VERSION = 1;
				DYLIB_CURRENT_VERSION = 1;
				GCC_OPTIMIZATION_LEVEL = 0;
				JAVA_ARCHIVE_CLASSES = YES;
				JAVA_ARCHIVE_TYPE = JAR;
				JAVA_COMPILER = /usr/bin/javac;
				JAVA_SOURCE_SUBDIR = .;
				LIBRARY_STYLE = STATIC;
				OTHER_CFLAGS = "";
				OTHER_LDFLAGS = "";
				OTHER_LIBTOOL_FLAGS = "";
				OTHER_REZFLAGS = "";
				PRODUCT_NAME = JPortMidiHeaders;
				PURE_JAVA = YES;
				REZ_EXECUTABLE = YES;
				SECTORDER_FLAGS = "";
				WARNING_CFLAGS = (
					"-Wmost",
					"-Wno-four-char-constants",
					"-Wno-unknown-pragmas",
				);
			};
			name = Default;
		};
		3D3B281D104D8AF90043A026 /* Debug */ = {
			isa = XCBuildConfiguration;
			buildSettings = {
				COPY_PHASE_STRIP = NO;
				GCC_DYNAMIC_NO_PIC = NO;
				GCC_ENABLE_FIX_AND_CONTINUE = YES;
				GCC_GENERATE_DEBUGGING_SYMBOLS = YES;
				GCC_MODEL_TUNING = G5;
				GCC_OPTIMIZATION_LEVEL = 0;
				GCC_PREPROCESSOR_DEFINITIONS = "";
				HEADER_SEARCH_PATHS = (
					../pm_common,
					../porttime,
				);
				INSTALL_PATH = "$(HOME)/bin";
				LIBRARY_SEARCH_PATHS = (
					../Debug,
					"$(inherited)",
					"$(LIBRARY_SEARCH_PATHS_QUOTED_1)",
					"$(LIBRARY_SEARCH_PATHS_QUOTED_FOR_TARGET_2)",
				);
				LIBRARY_SEARCH_PATHS_QUOTED_1 = "\"$(SYSTEM_LIBRARY_DIR)/Frameworks/CoreServices.framework\"";
				LIBRARY_SEARCH_PATHS_QUOTED_FOR_TARGET_1 = "\"$(SRCROOT)/../pm_common/Release\"";
				LIBRARY_SEARCH_PATHS_QUOTED_FOR_TARGET_2 = "\"$(SRCROOT)/../Release\"";
				PREBINDING = NO;
				PRODUCT_NAME = "test-dylib";
				ZERO_LINK = YES;
			};
			name = Debug;
		};
		3D3B281E104D8AF90043A026 /* Release */ = {
			isa = XCBuildConfiguration;
			buildSettings = {
				COPY_PHASE_STRIP = YES;
				GCC_ENABLE_FIX_AND_CONTINUE = NO;
				GCC_GENERATE_DEBUGGING_SYMBOLS = NO;
				GCC_MODEL_TUNING = G5;
				GCC_PREPROCESSOR_DEFINITIONS = "";
				HEADER_SEARCH_PATHS = (
					../pm_common,
					../porttime,
				);
				INSTALL_PATH = "$(HOME)/bin";
				LIBRARY_SEARCH_PATHS = (
					"$(inherited)",
					"$(LIBRARY_SEARCH_PATHS_QUOTED_1)",
					../Release/,
					"$(LIBRARY_SEARCH_PATHS_QUOTED_FOR_TARGET_2)",
				);
				LIBRARY_SEARCH_PATHS_QUOTED_1 = "\"$(SYSTEM_LIBRARY_DIR)/Frameworks/CoreServices.framework\"";
				LIBRARY_SEARCH_PATHS_QUOTED_FOR_TARGET_1 = "\"$(SRCROOT)/../pm_common/Release\"";
				LIBRARY_SEARCH_PATHS_QUOTED_FOR_TARGET_2 = "\"$(SRCROOT)/../Release\"";
				PREBINDING = NO;
				PRODUCT_NAME = "test-dylib";
				ZERO_LINK = NO;
			};
			name = Release;
		};
		3D3B281F104D8AF90043A026 /* Default */ = {
			isa = XCBuildConfiguration;
			buildSettings = {
				ARCHS = "$(ARCHS_STANDARD_32_64_BIT_PRE_XCODE_3_1)";
				ARCHS_STANDARD_32_64_BIT_PRE_XCODE_3_1 = "ppc i386 ppc64 x86_64";
				GCC_ENABLE_FIX_AND_CONTINUE = YES;
				GCC_MODEL_TUNING = G5;
				GCC_PREPROCESSOR_DEFINITIONS = "";
				HEADER_SEARCH_PATHS = (
					../pm_common,
					../porttime,
				);
				INSTALL_PATH = "$(HOME)/bin";
				LIBRARY_SEARCH_PATHS = (
					"$(inherited)",
					"$(LIBRARY_SEARCH_PATHS_QUOTED_1)",
					"$(LIBRARY_SEARCH_PATHS_QUOTED_FOR_TARGET_1)",
					"$(LIBRARY_SEARCH_PATHS_QUOTED_FOR_TARGET_2)",
				);
				LIBRARY_SEARCH_PATHS_QUOTED_1 = "\"$(SYSTEM_LIBRARY_DIR)/Frameworks/CoreServices.framework\"";
				LIBRARY_SEARCH_PATHS_QUOTED_FOR_TARGET_1 = "\"$(SRCROOT)/../pm_common/Release\"";
				LIBRARY_SEARCH_PATHS_QUOTED_FOR_TARGET_2 = "\"$(SRCROOT)/../Release\"";
				PREBINDING = NO;
				PRODUCT_NAME = "test-dylib";
				SDKROOT = /Developer/SDKs/MacOSX10.5.sdk;
				ZERO_LINK = YES;
			};
			name = Default;
		};
		3D9D57D10E12E24600C4C68D /* Debug */ = {
			isa = XCBuildConfiguration;
			buildSettings = {
				COPY_PHASE_STRIP = NO;
				GCC_DYNAMIC_NO_PIC = NO;
				GCC_GENERATE_DEBUGGING_SYMBOLS = YES;
				GCC_OPTIMIZATION_LEVEL = 0;
				HEADER_SEARCH_PATHS = "";
				INSTALL_PATH = Applications;
				JAVA_CLASS_SEARCH_PATHS = ../pm_java/pmdefaults;
				JAVA_COMPILER = /usr/bin/javac;
				JAVA_COMPILER_SOURCE_VERSION = 1.5;
				JAVA_COMPILER_TARGET_VM_VERSION = 1.5;
				JAVA_ONLY = YES;
				JAVA_SOURCE_SUBDIR = .;
				LIBRARY_SEARCH_PATHS = (
					"$(inherited)",
					"$(SRCROOT)/../pm_java/pmjni",
					"$(SRCROOT)/../pm_common/Release",
					"$(SRCROOT)/../Release",
				);
				OTHER_CFLAGS = "";
				OTHER_LDFLAGS = "";
				OTHER_REZFLAGS = "";
				PRODUCT_NAME = PmDefaults;
				SECTORDER_FLAGS = "";
				WARNING_CFLAGS = (
					"-Wmost",
					"-Wno-four-char-constants",
					"-Wno-unknown-pragmas",
				);
				WRAPPER_EXTENSION = app;
			};
			name = Debug;
		};
		3D9D57D20E12E24600C4C68D /* Release */ = {
			isa = XCBuildConfiguration;
			buildSettings = {
				COPY_PHASE_STRIP = YES;
				GCC_ENABLE_FIX_AND_CONTINUE = NO;
				GCC_GENERATE_DEBUGGING_SYMBOLS = NO;
				GCC_OPTIMIZATION_LEVEL = 0;
				JAVA_COMPILER = /usr/bin/javac;
				JAVA_ONLY = YES;
				JAVA_SOURCE_SUBDIR = .;
				LIBRARY_SEARCH_PATHS = (
					"$(inherited)",
					"$(SRCROOT)/../pm_java/pmjni",
					"$(SRCROOT)/../pm_common/Release",
					"$(SRCROOT)/../Release",
				);
				OTHER_CFLAGS = "";
				OTHER_LDFLAGS = "";
				OTHER_REZFLAGS = "";
				PRODUCT_NAME = pmdefaults;
				SECTORDER_FLAGS = "";
				WARNING_CFLAGS = (
					"-Wmost",
					"-Wno-four-char-constants",
					"-Wno-unknown-pragmas",
				);
				WRAPPER_EXTENSION = app;
				ZERO_LINK = NO;
			};
			name = Release;
		};
		3D9D57D30E12E24600C4C68D /* Default */ = {
			isa = XCBuildConfiguration;
			buildSettings = {
				GCC_OPTIMIZATION_LEVEL = 0;
				JAVA_COMPILER = /usr/bin/javac;
				JAVA_ONLY = YES;
				JAVA_SOURCE_SUBDIR = .;
				LIBRARY_SEARCH_PATHS = (
					"$(inherited)",
					"$(SRCROOT)/../pm_java/pmjni",
					"$(SRCROOT)/../pm_common/Release",
					"$(SRCROOT)/../Release",
				);
				OTHER_CFLAGS = "";
				OTHER_LDFLAGS = "";
				OTHER_REZFLAGS = "";
				PRODUCT_NAME = pmdefaults;
				SECTORDER_FLAGS = "";
				WARNING_CFLAGS = (
					"-Wmost",
					"-Wno-four-char-constants",
					"-Wno-unknown-pragmas",
				);
				WRAPPER_EXTENSION = app;
			};
			name = Default;
		};
		D814401C0ACB28B600515C41 /* Debug */ = {
			isa = XCBuildConfiguration;
			buildSettings = {
				ARCHS = "$(NATIVE_ARCH)";
				SDKROOT = /Developer/SDKs/MacOSX10.5.sdk;
				SYMROOT = /Users/rbd/portmedia/portmidi;
				WARNING_CFLAGS = (
					"-Wshorten-64-to-32",
					"-Wformat",
				);
			};
			name = Debug;
		};
		D814401D0ACB28B600515C41 /* Release */ = {
			isa = XCBuildConfiguration;
			buildSettings = {
				ARCHS = "$(ARCHS_STANDARD_32_BIT_PRE_XCODE_3_1)";
				ARCHS_STANDARD_32_BIT_PRE_XCODE_3_1 = "ppc i386";
				GCC_WARN_64_TO_32_BIT_CONVERSION = YES;
				INSTALL_PATH = /usr/local/lib;
				OTHER_CFLAGS = "";
				SDKROOT = /Developer/SDKs/MacOSX10.5.sdk;
				WARNING_CFLAGS = (
					"-Wshorten-64-to-32",
					"-Wformat",
				);
			};
			name = Release;
		};
		D814401E0ACB28B600515C41 /* Default */ = {
			isa = XCBuildConfiguration;
			buildSettings = {
				ARCHS = "$(ARCHS_STANDARD_32_BIT_PRE_XCODE_3_1)";
				ARCHS_STANDARD_32_BIT_PRE_XCODE_3_1 = "ppc i386";
				ONLY_ACTIVE_ARCH = NO;
				SDKROOT = /Developer/SDKs/MacOSX10.5.sdk;
			};
			name = Default;
		};
		D8684BAB0ACBFBDD009F6478 /* Debug */ = {
			isa = XCBuildConfiguration;
			buildSettings = {
				COPY_PHASE_STRIP = NO;
				GCC_DYNAMIC_NO_PIC = NO;
				GCC_GENERATE_DEBUGGING_SYMBOLS = YES;
				GCC_OPTIMIZATION_LEVEL = 0;
				PRODUCT_NAME = "lib+test suite";
			};
			name = Debug;
		};
		D8684BAC0ACBFBDD009F6478 /* Release */ = {
			isa = XCBuildConfiguration;
			buildSettings = {
				COPY_PHASE_STRIP = YES;
				GCC_ENABLE_FIX_AND_CONTINUE = NO;
				GCC_GENERATE_DEBUGGING_SYMBOLS = NO;
				PRODUCT_NAME = "lib+test suite";
				ZERO_LINK = NO;
			};
			name = Release;
		};
		D8684BAD0ACBFBDD009F6478 /* Default */ = {
			isa = XCBuildConfiguration;
			buildSettings = {
				PRODUCT_NAME = "lib+test suite";
			};
			name = Default;
		};
/* End XCBuildConfiguration section */

/* Begin XCConfigurationList section */
		3D17A1470E13D48800930576 /* Build configuration list for PBXLibraryTarget "JPortMidiHeaders" */ = {
			isa = XCConfigurationList;
			buildConfigurations = (
				3D17A1480E13D48800930576 /* Debug */,
				3D17A1490E13D48800930576 /* Release */,
				3D17A14A0E13D48800930576 /* Default */,
			);
			defaultConfigurationIsVisible = 0;
			defaultConfigurationName = Default;
		};
		3D3B281C104D8AF90043A026 /* Build configuration list for PBXNativeTarget "test-dylib" */ = {
			isa = XCConfigurationList;
			buildConfigurations = (
				3D3B281D104D8AF90043A026 /* Debug */,
				3D3B281E104D8AF90043A026 /* Release */,
				3D3B281F104D8AF90043A026 /* Default */,
			);
			defaultConfigurationIsVisible = 0;
			defaultConfigurationName = Default;
		};
		3D9D57D00E12E24600C4C68D /* Build configuration list for PBXApplicationTarget "PmDefaults" */ = {
			isa = XCConfigurationList;
			buildConfigurations = (
				3D9D57D10E12E24600C4C68D /* Debug */,
				3D9D57D20E12E24600C4C68D /* Release */,
				3D9D57D30E12E24600C4C68D /* Default */,
			);
			defaultConfigurationIsVisible = 0;
			defaultConfigurationName = Default;
		};
		D814401B0ACB28B600515C41 /* Build configuration list for PBXProject "pm_mac" */ = {
			isa = XCConfigurationList;
			buildConfigurations = (
				D814401C0ACB28B600515C41 /* Debug */,
				D814401D0ACB28B600515C41 /* Release */,
				D814401E0ACB28B600515C41 /* Default */,
			);
			defaultConfigurationIsVisible = 0;
			defaultConfigurationName = Default;
		};
		D8684BAA0ACBFBDD009F6478 /* Build configuration list for PBXAggregateTarget "everything suite" */ = {
			isa = XCConfigurationList;
			buildConfigurations = (
				D8684BAB0ACBFBDD009F6478 /* Debug */,
				D8684BAC0ACBFBDD009F6478 /* Release */,
				D8684BAD0ACBFBDD009F6478 /* Default */,
			);
			defaultConfigurationIsVisible = 0;
			defaultConfigurationName = Default;
		};
/* End XCConfigurationList section */
	};
	rootObject = 5851D5180479552300EE98CD /* Project object */;
}
