
Microsoft Visual Studio Solution File, Format Version 9.00
# Visual Studio 2005
Project("{8BC9CEB8-8B4A-11D0-8D11-00A0C91BC942}") = "portburn", "portburn.vcproj", "{4A36EB5E-CD32-40E3-AFB3-146369081D83}"
EndProject
Project("{8BC9CEB8-8B4A-11D0-8D11-00A0C91BC942}") = "test_portburn", "test_portburn.vcproj", "{9A272602-F0AA-4BB0-AA09-B15DB39DF4EE}"
	ProjectSection(ProjectDependencies) = postProject
		{4A36EB5E-CD32-40E3-AFB3-146369081D83} = {4A36EB5E-CD32-40E3-AFB3-146369081D83}
	EndProjectSection
EndProject
Global
	GlobalSection(SolutionConfigurationPlatforms) = preSolution
		Debug|Win32 = Debug|Win32
		Release|Win32 = Release|Win32
	EndGlobalSection
	GlobalSection(ProjectConfigurationPlatforms) = postSolution
		{4A36EB5E-CD32-40E3-AFB3-146369081D83}.Debug|Win32.ActiveCfg = Debug|Win32
		{4A36EB5E-CD32-40E3-AFB3-146369081D83}.Debug|Win32.Build.0 = Debug|Win32
		{4A36EB5E-CD32-40E3-AFB3-146369081D83}.Release|Win32.ActiveCfg = Release|Win32
		{4A36EB5E-CD32-40E3-AFB3-146369081D83}.Release|Win32.Build.0 = Release|Win32
		{9A272602-F0AA-4BB0-AA09-B15DB39DF4EE}.Debug|Win32.ActiveCfg = Debug|Win32
		{9A272602-F0AA-4BB0-AA09-B15DB39DF4EE}.Debug|Win32.Build.0 = Debug|Win32
		{9A272602-F0AA-4BB0-AA09-B15DB39DF4EE}.Release|Win32.ActiveCfg = Release|Win32
		{9A272602-F0AA-4BB0-AA09-B15DB39DF4EE}.Release|Win32.Build.0 = Release|Win32
	EndGlobalSection
	GlobalSection(SolutionProperties) = preSolution
		HideSolutionNode = FALSE
	EndGlobalSection
EndGlobal
