<?xml version="1.0" encoding="utf-8"?>
<Project ToolsVersion="4.0" xmlns="http://schemas.microsoft.com/developer/msbuild/2003">
  <ItemGroup>
    <Filter Include="Source Files">
      <UniqueIdentifier>{fe0ec4b0-e23b-48c7-8b8f-f4f9aed2a56d}</UniqueIdentifier>
    </Filter>
    <Filter Include="Header Files">
      <UniqueIdentifier>{6219fdf7-629a-4324-88e4-2cbe40e7aaf3}</UniqueIdentifier>
    </Filter>
  </ItemGroup>
  <ItemGroup>
    <ClCompile Include="..\..\..\lib-src\soundtouch\source\SoundTouch\AAFilter.cpp">
      <Filter>Source Files</Filter>
    </ClCompile>
    <ClCompile Include="..\..\..\lib-src\soundtouch\source\SoundTouch\cpu_detect_x86.cpp">
      <Filter>Source Files</Filter>
    </ClCompile>
    <ClCompile Include="..\..\..\lib-src\soundtouch\source\SoundTouch\FIFOSampleBuffer.cpp">
      <Filter>Source Files</Filter>
    </ClCompile>
    <ClCompile Include="..\..\..\lib-src\soundtouch\source\SoundTouch\FIRFilter.cpp">
      <Filter>Source Files</Filter>
    </ClCompile>
    <ClCompile Include="..\..\..\lib-src\soundtouch\source\SoundTouch\mmx_optimized.cpp">
      <Filter>Source Files</Filter>
    </ClCompile>
    <ClCompile Include="..\..\..\lib-src\soundtouch\source\SoundTouch\RateTransposer.cpp">
      <Filter>Source Files</Filter>
    </ClCompile>
    <ClCompile Include="..\..\..\lib-src\soundtouch\source\SoundTouch\SoundTouch.cpp">
      <Filter>Source Files</Filter>
    </ClCompile>
    <ClCompile Include="..\..\..\lib-src\soundtouch\source\SoundTouch\sse_optimized.cpp">
      <Filter>Source Files</Filter>
    </ClCompile>
    <ClCompile Include="..\..\..\lib-src\soundtouch\source\SoundTouch\TDStretch.cpp">
      <Filter>Source Files</Filter>
    </ClCompile>
  </ItemGroup>
  <ItemGroup>
    <ClInclude Include="..\..\..\lib-src\soundtouch\source\SoundTouch\AAFilter.h">
      <Filter>Header Files</Filter>
    </ClInclude>
    <ClInclude Include="..\..\..\lib-src\soundtouch\source\SoundTouch\cpu_detect.h">
      <Filter>Header Files</Filter>
    </ClInclude>
    <ClInclude Include="..\..\..\lib-src\soundtouch\include\FIFOSampleBuffer.h">
      <Filter>Header Files</Filter>
    </ClInclude>
    <ClInclude Include="..\..\..\lib-src\soundtouch\include\FIFOSamplePipe.h">
      <Filter>Header Files</Filter>
    </ClInclude>
    <ClInclude Include="..\..\..\lib-src\soundtouch\source\SoundTouch\FIRFilter.h">
      <Filter>Header Files</Filter>
    </ClInclude>
    <ClInclude Include="..\..\..\lib-src\soundtouch\source\SoundTouch\RateTransposer.h">
      <Filter>Header Files</Filter>
    </ClInclude>
    <ClInclude Include="..\..\..\lib-src\soundtouch\include\SoundTouch.h">
      <Filter>Header Files</Filter>
    </ClInclude>
    <ClInclude Include="..\..\..\lib-src\soundtouch\include\STTypes.h">
      <Filter>Header Files</Filter>
    </ClInclude>
    <ClInclude Include="..\..\..\lib-src\soundtouch\source\SoundTouch\TDStretch.h">
      <Filter>Header Files</Filter>
    </ClInclude>
  </ItemGroup>
</Project>