<?xml version="1.0" encoding="utf-8"?>
<Project ToolsVersion="4.0" xmlns="http://schemas.microsoft.com/developer/msbuild/2003">
  <ItemGroup>
    <ClCompile Include="..\..\..\lib-src\mpglib\common.c">
      <Filter>Source</Filter>
    </ClCompile>
    <ClCompile Include="..\..\..\lib-src\mpglib\dct64_i386.c">
      <Filter>Source</Filter>
    </ClCompile>
    <ClCompile Include="..\..\..\lib-src\mpglib\decode_i386.c">
      <Filter>Source</Filter>
    </ClCompile>
    <ClCompile Include="..\..\..\lib-src\mpglib\interface.c">
      <Filter>Source</Filter>
    </ClCompile>
    <ClCompile Include="..\..\..\lib-src\mpglib\layer1.c">
      <Filter>Source</Filter>
    </ClCompile>
    <ClCompile Include="..\..\..\lib-src\mpglib\layer2.c">
      <Filter>Source</Filter>
    </ClCompile>
    <ClCompile Include="..\..\..\lib-src\mpglib\layer3.c">
      <Filter>Source</Filter>
    </ClCompile>
    <ClCompile Include="..\..\..\lib-src\mpglib\tabinit.c">
      <Filter>Source</Filter>
    </ClCompile>
  </ItemGroup>
  <ItemGroup>
    <ClInclude Include="..\..\..\lib-src\mpglib\common.h">
      <Filter>Include</Filter>
    </ClInclude>
    <ClInclude Include="..\..\..\lib-src\mpglib\dct64_i386.h">
      <Filter>Include</Filter>
    </ClInclude>
    <ClInclude Include="..\..\..\lib-src\mpglib\decode_i386.h">
      <Filter>Include</Filter>
    </ClInclude>
    <ClInclude Include="..\..\..\lib-src\mpglib\huffman.h">
      <Filter>Include</Filter>
    </ClInclude>
    <ClInclude Include="..\..\..\lib-src\mpglib\interface.h">
      <Filter>Include</Filter>
    </ClInclude>
    <ClInclude Include="..\..\..\lib-src\mpglib\l2tables.h">
      <Filter>Include</Filter>
    </ClInclude>
    <ClInclude Include="..\..\..\lib-src\mpglib\layer1.h">
      <Filter>Include</Filter>
    </ClInclude>
    <ClInclude Include="..\..\..\lib-src\mpglib\layer2.h">
      <Filter>Include</Filter>
    </ClInclude>
    <ClInclude Include="..\..\..\lib-src\mpglib\layer3.h">
      <Filter>Include</Filter>
    </ClInclude>
    <ClInclude Include="..\..\..\lib-src\mpglib\machine.h">
      <Filter>Include</Filter>
    </ClInclude>
    <ClInclude Include="..\..\..\lib-src\mpglib\mpg123.h">
      <Filter>Include</Filter>
    </ClInclude>
    <ClInclude Include="..\..\..\lib-src\mpglib\mpglib.h">
      <Filter>Include</Filter>
    </ClInclude>
    <ClInclude Include="..\..\..\lib-src\mpglib\tabinit.h">
      <Filter>Include</Filter>
    </ClInclude>
  </ItemGroup>
  <ItemGroup>
    <Filter Include="Include">
      <UniqueIdentifier>{96d0cc83-28e5-48e2-af59-b3944b3923ee}</UniqueIdentifier>
    </Filter>
    <Filter Include="Source">
      <UniqueIdentifier>{89f7df6f-1799-44ed-85c4-fd537cf9de9d}</UniqueIdentifier>
    </Filter>
  </ItemGroup>
</Project>