<?xml version="1.0" encoding="utf-8"?>
<Project ToolsVersion="4.0" xmlns="http://schemas.microsoft.com/developer/msbuild/2003">
  <ItemGroup>
    <Filter Include="Header Files">
      <UniqueIdentifier>{93995380-89BD-4b04-88EB-625FBE52EBFB}</UniqueIdentifier>
      <Extensions>h;hpp;hxx;hm;inl;inc;xsd</Extensions>
    </Filter>
    <Filter Include="Public Header Files">
      <UniqueIdentifier>{7493d9cf-1406-4a3c-9811-63f0cd6ccd36}</UniqueIdentifier>
    </Filter>
    <Filter Include="Source Files">
      <UniqueIdentifier>{4FC737F1-C7A5-4376-A066-2A32D752A2FF}</UniqueIdentifier>
      <Extensions>cpp;c;cc;cxx;def;odl;idl;hpj;bat;asm;asmx</Extensions>
    </Filter>
  </ItemGroup>
  <ItemGroup>
    <ClInclude Include="include\protected\all.h">
      <Filter>Header Files</Filter>
    </ClInclude>
    <ClInclude Include="include\private\all.h">
      <Filter>Header Files</Filter>
    </ClInclude>
    <ClInclude Include="include\private\bitmath.h">
      <Filter>Header Files</Filter>
    </ClInclude>
    <ClInclude Include="include\private\bitreader.h">
      <Filter>Header Files</Filter>
    </ClInclude>
    <ClInclude Include="include\private\bitwriter.h">
      <Filter>Header Files</Filter>
    </ClInclude>
    <ClInclude Include="include\private\cpu.h">
      <Filter>Header Files</Filter>
    </ClInclude>
    <ClInclude Include="include\private\crc.h">
      <Filter>Header Files</Filter>
    </ClInclude>
    <ClInclude Include="include\private\fixed.h">
      <Filter>Header Files</Filter>
    </ClInclude>
    <ClInclude Include="include\private\float.h">
      <Filter>Header Files</Filter>
    </ClInclude>
    <ClInclude Include="include\private\format.h">
      <Filter>Header Files</Filter>
    </ClInclude>
    <ClInclude Include="include\private\lpc.h">
      <Filter>Header Files</Filter>
    </ClInclude>
    <ClInclude Include="include\private\md5.h">
      <Filter>Header Files</Filter>
    </ClInclude>
    <ClInclude Include="include\private\memory.h">
      <Filter>Header Files</Filter>
    </ClInclude>
    <ClInclude Include="include\private\metadata.h">
      <Filter>Header Files</Filter>
    </ClInclude>
    <ClInclude Include="ia32\nasm.h">
      <Filter>Header Files</Filter>
    </ClInclude>
    <ClInclude Include="include\private\ogg_decoder_aspect.h">
      <Filter>Header Files</Filter>
    </ClInclude>
    <ClInclude Include="include\private\ogg_encoder_aspect.h">
      <Filter>Header Files</Filter>
    </ClInclude>
    <ClInclude Include="include\private\ogg_helper.h">
      <Filter>Header Files</Filter>
    </ClInclude>
    <ClInclude Include="include\private\ogg_mapping.h">
      <Filter>Header Files</Filter>
    </ClInclude>
    <ClInclude Include="include\protected\stream_decoder.h">
      <Filter>Header Files</Filter>
    </ClInclude>
    <ClInclude Include="include\protected\stream_encoder.h">
      <Filter>Header Files</Filter>
    </ClInclude>
    <ClInclude Include="include\private\stream_encoder.h">
      <Filter>Header Files</Filter>
    </ClInclude>
    <ClInclude Include="include\private\stream_encoder_framing.h">
      <Filter>Header Files</Filter>
    </ClInclude>
    <ClInclude Include="include\private\window.h">
      <Filter>Header Files</Filter>
    </ClInclude>
    <ClInclude Include="..\..\include\FLAC\all.h">
      <Filter>Public Header Files</Filter>
    </ClInclude>
    <ClInclude Include="..\..\include\FLAC\assert.h">
      <Filter>Public Header Files</Filter>
    </ClInclude>
    <ClInclude Include="..\..\include\FLAC\callback.h">
      <Filter>Public Header Files</Filter>
    </ClInclude>
    <ClInclude Include="..\..\include\FLAC\export.h">
      <Filter>Public Header Files</Filter>
    </ClInclude>
    <ClInclude Include="..\..\include\FLAC\format.h">
      <Filter>Public Header Files</Filter>
    </ClInclude>
    <ClInclude Include="..\..\include\FLAC\metadata.h">
      <Filter>Public Header Files</Filter>
    </ClInclude>
    <ClInclude Include="..\..\include\FLAC\ordinals.h">
      <Filter>Public Header Files</Filter>
    </ClInclude>
    <ClInclude Include="..\..\include\FLAC\stream_decoder.h">
      <Filter>Public Header Files</Filter>
    </ClInclude>
    <ClInclude Include="..\..\include\FLAC\stream_encoder.h">
      <Filter>Public Header Files</Filter>
    </ClInclude>
  </ItemGroup>
  <ItemGroup>
    <ClCompile Include="bitmath.c">
      <Filter>Source Files</Filter>
    </ClCompile>
    <ClCompile Include="bitreader.c">
      <Filter>Source Files</Filter>
    </ClCompile>
    <ClCompile Include="bitwriter.c">
      <Filter>Source Files</Filter>
    </ClCompile>
    <ClCompile Include="cpu.c">
      <Filter>Source Files</Filter>
    </ClCompile>
    <ClCompile Include="crc.c">
      <Filter>Source Files</Filter>
    </ClCompile>
    <ClCompile Include="fixed.c">
      <Filter>Source Files</Filter>
    </ClCompile>
    <ClCompile Include="fixed_intrin_sse2.c">
      <Filter>Source Files</Filter>
    </ClCompile>
    <ClCompile Include="fixed_intrin_ssse3.c">
      <Filter>Source Files</Filter>
    </ClCompile>
    <ClCompile Include="float.c">
      <Filter>Source Files</Filter>
    </ClCompile>
    <ClCompile Include="format.c">
      <Filter>Source Files</Filter>
    </ClCompile>
    <ClCompile Include="lpc.c">
      <Filter>Source Files</Filter>
    </ClCompile>
    <ClCompile Include="lpc_intrin_sse.c">
      <Filter>Source Files</Filter>
    </ClCompile>
    <ClCompile Include="lpc_intrin_sse2.c">
      <Filter>Source Files</Filter>
    </ClCompile>
    <ClCompile Include="lpc_intrin_sse41.c">
      <Filter>Source Files</Filter>
    </ClCompile>
    <ClCompile Include="lpc_intrin_avx2.c">
      <Filter>Source Files</Filter>
    </ClCompile>
    <ClCompile Include="md5.c">
      <Filter>Source Files</Filter>
    </ClCompile>
    <ClCompile Include="memory.c">
      <Filter>Source Files</Filter>
    </ClCompile>
    <ClCompile Include="metadata_iterators.c">
      <Filter>Source Files</Filter>
    </ClCompile>
    <ClCompile Include="metadata_object.c">
      <Filter>Source Files</Filter>
    </ClCompile>
    <ClCompile Include="ogg_decoder_aspect.c">
      <Filter>Source Files</Filter>
    </ClCompile>
    <ClCompile Include="ogg_encoder_aspect.c">
      <Filter>Source Files</Filter>
    </ClCompile>
    <ClCompile Include="ogg_helper.c">
      <Filter>Source Files</Filter>
    </ClCompile>
    <ClCompile Include="ogg_mapping.c">
      <Filter>Source Files</Filter>
    </ClCompile>
    <ClCompile Include="stream_decoder.c">
      <Filter>Source Files</Filter>
    </ClCompile>
    <ClCompile Include="stream_encoder.c">
      <Filter>Source Files</Filter>
    </ClCompile>
    <ClCompile Include="stream_encoder_framing.c">
      <Filter>Source Files</Filter>
    </ClCompile>
    <ClCompile Include="stream_encoder_intrin_sse2.c">
      <Filter>Source Files</Filter>
    </ClCompile>
    <ClCompile Include="stream_encoder_intrin_ssse3.c">
      <Filter>Source Files</Filter>
    </ClCompile>
    <ClCompile Include="stream_encoder_intrin_avx2.c">
      <Filter>Source Files</Filter>
    </ClCompile>
    <ClCompile Include="window.c">
      <Filter>Source Files</Filter>
    </ClCompile>
  </ItemGroup>
  <ItemGroup>
    <CustomBuild Include="ia32\cpu_asm.nasm" />
    <CustomBuild Include="ia32\fixed_asm.nasm" />
    <CustomBuild Include="ia32\lpc_asm.nasm" />
  </ItemGroup>
</Project>