<?xml version="1.0" encoding="utf-8"?>
<Project ToolsVersion="4.0" xmlns="http://schemas.microsoft.com/developer/msbuild/2003">
  <ItemGroup>
    <Filter Include="Header Files">
      <UniqueIdentifier>{d83f81cb-9b9b-4667-8cd7-7c94d6ce24e2}</UniqueIdentifier>
    </Filter>
    <Filter Include="Source Files">
      <UniqueIdentifier>{a411d276-a627-4e9d-bfa7-c067c9fec541}</UniqueIdentifier>
    </Filter>
  </ItemGroup>
  <ItemGroup>
    <ClInclude Include="..\..\..\lib-src\libvamp\vamp-hostsdk\hostguard.h">
      <Filter>Header Files</Filter>
    </ClInclude>
    <ClInclude Include="..\..\..\lib-src\libvamp\vamp-hostsdk\Plugin.h">
      <Filter>Header Files</Filter>
    </ClInclude>
    <ClInclude Include="..\..\..\lib-src\libvamp\vamp-hostsdk\PluginBase.h">
      <Filter>Header Files</Filter>
    </ClInclude>
    <ClInclude Include="..\..\..\lib-src\libvamp\vamp-hostsdk\PluginBufferingAdapter.h">
      <Filter>Header Files</Filter>
    </ClInclude>
    <ClInclude Include="..\..\..\lib-src\libvamp\vamp-hostsdk\PluginChannelAdapter.h">
      <Filter>Header Files</Filter>
    </ClInclude>
    <ClInclude Include="..\..\..\lib-src\libvamp\vamp-hostsdk\PluginHostAdapter.h">
      <Filter>Header Files</Filter>
    </ClInclude>
    <ClInclude Include="..\..\..\lib-src\libvamp\vamp-hostsdk\PluginInputDomainAdapter.h">
      <Filter>Header Files</Filter>
    </ClInclude>
    <ClInclude Include="..\..\..\lib-src\libvamp\vamp-hostsdk\PluginLoader.h">
      <Filter>Header Files</Filter>
    </ClInclude>
    <ClInclude Include="..\..\..\lib-src\libvamp\vamp-hostsdk\PluginSummarisingAdapter.h">
      <Filter>Header Files</Filter>
    </ClInclude>
    <ClInclude Include="..\..\..\lib-src\libvamp\vamp-hostsdk\PluginWrapper.h">
      <Filter>Header Files</Filter>
    </ClInclude>
    <ClInclude Include="..\..\..\lib-src\libvamp\vamp-hostsdk\RealTime.h">
      <Filter>Header Files</Filter>
    </ClInclude>
    <ClInclude Include="..\..\..\lib-src\libvamp\vamp-hostsdk\vamp-hostsdk.h">
      <Filter>Header Files</Filter>
    </ClInclude>
  </ItemGroup>
  <ItemGroup>
    <ClCompile Include="..\..\..\lib-src\libvamp\src\vamp-hostsdk\PluginBufferingAdapter.cpp">
      <Filter>Source Files</Filter>
    </ClCompile>
    <ClCompile Include="..\..\..\lib-src\libvamp\src\vamp-hostsdk\PluginChannelAdapter.cpp">
      <Filter>Source Files</Filter>
    </ClCompile>
    <ClCompile Include="..\..\..\lib-src\libvamp\src\vamp-hostsdk\PluginHostAdapter.cpp">
      <Filter>Source Files</Filter>
    </ClCompile>
    <ClCompile Include="..\..\..\lib-src\libvamp\src\vamp-hostsdk\PluginInputDomainAdapter.cpp">
      <Filter>Source Files</Filter>
    </ClCompile>
    <ClCompile Include="..\..\..\lib-src\libvamp\src\vamp-hostsdk\PluginLoader.cpp">
      <Filter>Source Files</Filter>
    </ClCompile>
    <ClCompile Include="..\..\..\lib-src\libvamp\src\vamp-hostsdk\PluginSummarisingAdapter.cpp">
      <Filter>Source Files</Filter>
    </ClCompile>
    <ClCompile Include="..\..\..\lib-src\libvamp\src\vamp-hostsdk\PluginWrapper.cpp">
      <Filter>Source Files</Filter>
    </ClCompile>
    <ClCompile Include="..\..\..\lib-src\libvamp\src\vamp-hostsdk\RealTime.cpp">
      <Filter>Source Files</Filter>
    </ClCompile>
  </ItemGroup>
</Project>