<?xml version="1.0" encoding="utf-8"?>
<Project ToolsVersion="4.0" xmlns="http://schemas.microsoft.com/developer/msbuild/2003">
  <ItemGroup>
    <Filter Include="Source Files">
      <UniqueIdentifier>{843deb01-ec59-4070-9fb7-4de851940fbd}</UniqueIdentifier>
      <Extensions>cpp;c;cxx;rc;def;r;odl;idl;hpj;bat;for;f90</Extensions>
    </Filter>
    <Filter Include="Header Files">
      <UniqueIdentifier>{41225059-d26f-42fd-9d1b-fda760b7e45d}</UniqueIdentifier>
      <Extensions>h;hpp;hxx;hm;inl;fi;fd</Extensions>
    </Filter>
    <Filter Include="Resource Files">
      <UniqueIdentifier>{a722469e-558e-4d77-b8ea-88c9f136e29a}</UniqueIdentifier>
      <Extensions>ico;cur;bmp;dlg;rc2;rct;bin;cnt;rtf;gif;jpg;jpeg;jpe</Extensions>
    </Filter>
  </ItemGroup>
  <ItemGroup>
    <ClCompile Include="codepage.c">
      <Filter>Source Files</Filter>
    </ClCompile>
    <ClCompile Include="readfilemap.c">
      <Filter>Source Files</Filter>
    </ClCompile>
    <ClCompile Include="unixfilemap.c">
      <Filter>Source Files</Filter>
    </ClCompile>
    <ClCompile Include="win32filemap.c">
      <Filter>Source Files</Filter>
    </ClCompile>
    <ClCompile Include="xmlfile.c">
      <Filter>Source Files</Filter>
    </ClCompile>
    <ClCompile Include="xmlwf.c">
      <Filter>Source Files</Filter>
    </ClCompile>
  </ItemGroup>
  <ItemGroup>
    <ClInclude Include="codepage.h">
      <Filter>Header Files</Filter>
    </ClInclude>
    <ClInclude Include="xmlfile.h">
      <Filter>Header Files</Filter>
    </ClInclude>
    <ClInclude Include="xmltchar.h">
      <Filter>Header Files</Filter>
    </ClInclude>
  </ItemGroup>
</Project>