
Microsoft Visual Studio Solution File, Format Version 9.00
# Visual C++ Express 2005
Project("{8BC9CEB8-8B4A-11D0-8D11-00A0C91BC942}") = "portsmf", "portsmf-VC8.vcproj", "{D035BCF8-CF15-4456-A4E1-C7E6ACD79346}"
EndProject
Project("{8BC9CEB8-8B4A-11D0-8D11-00A0C91BC942}") = "portsmf_test", "portsmf_test\portsmf_test-VC8.vcproj", "{AF00107F-E436-4EBC-A1F3-CB176E7D1F84}"
	ProjectSection(ProjectDependencies) = postProject
		{D035BCF8-CF15-4456-A4E1-C7E6ACD79346} = {D035BCF8-CF15-4456-A4E1-C7E6ACD79346}
	EndProjectSection
EndProject
Global
	GlobalSection(SolutionConfigurationPlatforms) = preSolution
		Debug|Win32 = Debug|Win32
		Release|Win32 = Release|Win32
	EndGlobalSection
	GlobalSection(ProjectConfigurationPlatforms) = postSolution
		{D035BCF8-CF15-4456-A4E1-C7E6ACD79346}.Debug|Win32.ActiveCfg = Debug|Win32
		{D035BCF8-CF15-4456-A4E1-C7E6ACD79346}.Debug|Win32.Build.0 = Debug|Win32
		{D035BCF8-CF15-4456-A4E1-C7E6ACD79346}.Release|Win32.ActiveCfg = Release|Win32
		{D035BCF8-CF15-4456-A4E1-C7E6ACD79346}.Release|Win32.Build.0 = Release|Win32
		{AF00107F-E436-4EBC-A1F3-CB176E7D1F84}.Debug|Win32.ActiveCfg = Debug|Win32
		{AF00107F-E436-4EBC-A1F3-CB176E7D1F84}.Debug|Win32.Build.0 = Debug|Win32
		{AF00107F-E436-4EBC-A1F3-CB176E7D1F84}.Release|Win32.ActiveCfg = Release|Win32
		{AF00107F-E436-4EBC-A1F3-CB176E7D1F84}.Release|Win32.Build.0 = Release|Win32
	EndGlobalSection
	GlobalSection(SolutionProperties) = preSolution
		HideSolutionNode = FALSE
	EndGlobalSection
EndGlobal
