<?xml version="1.0" encoding="utf-8"?>
<Project ToolsVersion="4.0" xmlns="http://schemas.microsoft.com/developer/msbuild/2003">
  <ItemGroup>
    <Filter Include="Source Files">
      <UniqueIdentifier>{daa153cd-5f91-4357-85b3-ad2b437cfa3a}</UniqueIdentifier>
    </Filter>
    <Filter Include="Source Files\common">
      <UniqueIdentifier>{ae7fdde8-afb6-43e2-89fc-3afec816cce3}</UniqueIdentifier>
    </Filter>
    <Filter Include="Source Files\hostapi">
      <UniqueIdentifier>{724ef706-9a75-48a4-8c1d-8f1154ca38f5}</UniqueIdentifier>
    </Filter>
    <Filter Include="Source Files\hostapi\wmme">
      <UniqueIdentifier>{e443be5d-a9a7-4845-b992-84b0ca066dad}</UniqueIdentifier>
    </Filter>
    <Filter Include="Source Files\hostapi\wdmks">
      <UniqueIdentifier>{74c14b6c-3c5d-4f1e-a781-92b9924230b4}</UniqueIdentifier>
    </Filter>
    <Filter Include="Source Files\hostapi\dsound">
      <UniqueIdentifier>{c619afcf-fc0e-4719-9e37-911112afd62b}</UniqueIdentifier>
    </Filter>
    <Filter Include="Source Files\hostapi\asio">
      <UniqueIdentifier>{2e862f84-fad5-49a4-a2cb-118e9f25bcd9}</UniqueIdentifier>
    </Filter>
    <Filter Include="Source Files\hostapi\wasapi">
      <UniqueIdentifier>{3a2787ea-5b2a-4df4-b2fe-634d927c4ac1}</UniqueIdentifier>
    </Filter>
    <Filter Include="Source Files\hostapi\jack">
      <UniqueIdentifier>{4e7c02ff-7a17-4205-a517-e9955f2ceed3}</UniqueIdentifier>
    </Filter>
    <Filter Include="Source Files\os">
      <UniqueIdentifier>{a07c4ece-33a3-42d9-b5e0-fac694f72301}</UniqueIdentifier>
    </Filter>
    <Filter Include="Header Files">
      <UniqueIdentifier>{cf932c32-6dbf-4091-ad8b-dbb7e2f018dc}</UniqueIdentifier>
    </Filter>
    <Filter Include=".Has Custom Build.">
      <UniqueIdentifier>{881e0352-3670-4f33-8446-dea209d54c5d}</UniqueIdentifier>
    </Filter>
  </ItemGroup>
  <ItemGroup>
    <ClCompile Include="..\..\..\lib-src\portaudio-v19\src\common\pa_allocation.c">
      <Filter>Source Files\common</Filter>
    </ClCompile>
    <ClCompile Include="..\..\..\lib-src\portaudio-v19\src\common\pa_converters.c">
      <Filter>Source Files\common</Filter>
    </ClCompile>
    <ClCompile Include="..\..\..\lib-src\portaudio-v19\src\common\pa_cpuload.c">
      <Filter>Source Files\common</Filter>
    </ClCompile>
    <ClCompile Include="..\..\..\lib-src\portaudio-v19\src\common\pa_debugprint.c">
      <Filter>Source Files\common</Filter>
    </ClCompile>
    <ClCompile Include="..\..\..\lib-src\portaudio-v19\src\common\pa_dither.c">
      <Filter>Source Files\common</Filter>
    </ClCompile>
    <ClCompile Include="..\..\..\lib-src\portaudio-v19\src\common\pa_dynload.c">
      <Filter>Source Files\common</Filter>
    </ClCompile>
    <ClCompile Include="..\..\..\lib-src\portaudio-v19\src\common\pa_front.c">
      <Filter>Source Files\common</Filter>
    </ClCompile>
    <ClCompile Include="..\..\..\lib-src\portaudio-v19\src\common\pa_process.c">
      <Filter>Source Files\common</Filter>
    </ClCompile>
    <ClCompile Include="..\..\..\lib-src\portaudio-v19\src\common\pa_ringbuffer.c">
      <Filter>Source Files\common</Filter>
    </ClCompile>
    <ClCompile Include="..\..\..\lib-src\portaudio-v19\src\common\pa_stream.c">
      <Filter>Source Files\common</Filter>
    </ClCompile>
    <ClCompile Include="..\..\..\lib-src\portaudio-v19\src\common\pa_trace.c">
      <Filter>Source Files\common</Filter>
    </ClCompile>
    <ClCompile Include="..\..\..\lib-src\portaudio-v19\src\hostapi\wmme\pa_win_wmme.c">
      <Filter>Source Files\hostapi\wmme</Filter>
    </ClCompile>
    <ClCompile Include="..\..\..\lib-src\portaudio-v19\src\hostapi\wdmks\pa_win_wdmks.c">
      <Filter>Source Files\hostapi\wdmks</Filter>
    </ClCompile>
    <ClCompile Include="..\..\..\lib-src\portaudio-v19\src\hostapi\dsound\pa_win_ds.c">
      <Filter>Source Files\hostapi\dsound</Filter>
    </ClCompile>
    <ClCompile Include="..\..\..\lib-src\portaudio-v19\src\hostapi\dsound\pa_win_ds_dynlink.c">
      <Filter>Source Files\hostapi\dsound</Filter>
    </ClCompile>
    <ClCompile Include="..\..\..\lib-src\portaudio-v19\src\hostapi\asio\iasiothiscallresolver.cpp">
      <Filter>Source Files\hostapi\asio</Filter>
    </ClCompile>
    <ClCompile Include="..\..\..\lib-src\portaudio-v19\src\hostapi\asio\pa_asio.cpp">
      <Filter>Source Files\hostapi\asio</Filter>
    </ClCompile>
    <ClCompile Include="..\..\..\lib-src\portaudio-v19\src\hostapi\wasapi\pa_win_wasapi.c">
      <Filter>Source Files\hostapi\wasapi</Filter>
    </ClCompile>
    <ClCompile Include="..\..\..\lib-src\portaudio-v19\src\hostapi\jack\pa_jack.c">
      <Filter>Source Files\hostapi\jack</Filter>
    </ClCompile>
    <ClCompile Include="..\..\..\lib-src\portaudio-v19\src\hostapi\jack\pa_jack_dynload.c">
      <Filter>Source Files\hostapi\jack</Filter>
    </ClCompile>
    <ClCompile Include="..\..\..\lib-src\portaudio-v19\src\os\win\pa_win_coinitialize.c">
      <Filter>Source Files\os</Filter>
    </ClCompile>
    <ClCompile Include="..\..\..\lib-src\portaudio-v19\src\os\win\pa_win_hostapis.c">
      <Filter>Source Files\os</Filter>
    </ClCompile>
    <ClCompile Include="..\..\..\lib-src\portaudio-v19\src\os\win\pa_win_util.c">
      <Filter>Source Files\os</Filter>
    </ClCompile>
    <ClCompile Include="..\..\..\lib-src\portaudio-v19\src\os\win\pa_win_waveformat.c">
      <Filter>Source Files\os</Filter>
    </ClCompile>
    <ClCompile Include="..\..\..\lib-src\portaudio-v19\src\os\win\pa_win_wdmks_utils.c">
      <Filter>Source Files\os</Filter>
    </ClCompile>
    <ClCompile Include="..\..\..\lib-src\portaudio-v19\src\os\win\pa_x86_plain_converters.c">
      <Filter>Source Files\os</Filter>
    </ClCompile>
  </ItemGroup>
  <ItemGroup>
    <ClInclude Include="..\..\..\lib-src\portaudio-v19\src\common\pa_allocation.h">
      <Filter>Source Files\common</Filter>
    </ClInclude>
    <ClInclude Include="..\..\..\lib-src\portaudio-v19\src\common\pa_converters.h">
      <Filter>Source Files\common</Filter>
    </ClInclude>
    <ClInclude Include="..\..\..\lib-src\portaudio-v19\src\common\pa_cpuload.h">
      <Filter>Source Files\common</Filter>
    </ClInclude>
    <ClInclude Include="..\..\..\lib-src\portaudio-v19\src\common\pa_debugprint.h">
      <Filter>Source Files\common</Filter>
    </ClInclude>
    <ClInclude Include="..\..\..\lib-src\portaudio-v19\src\common\pa_dither.h">
      <Filter>Source Files\common</Filter>
    </ClInclude>
    <ClInclude Include="..\..\..\lib-src\portaudio-v19\src\common\pa_dynload.h">
      <Filter>Source Files\common</Filter>
    </ClInclude>
    <ClInclude Include="..\..\..\lib-src\portaudio-v19\src\common\pa_endianness.h">
      <Filter>Source Files\common</Filter>
    </ClInclude>
    <ClInclude Include="..\..\..\lib-src\portaudio-v19\src\common\pa_hostapi.h">
      <Filter>Source Files\common</Filter>
    </ClInclude>
    <ClInclude Include="..\..\..\lib-src\portaudio-v19\src\common\pa_memorybarrier.h">
      <Filter>Source Files\common</Filter>
    </ClInclude>
    <ClInclude Include="..\..\..\lib-src\portaudio-v19\src\common\pa_process.h">
      <Filter>Source Files\common</Filter>
    </ClInclude>
    <ClInclude Include="..\..\..\lib-src\portaudio-v19\src\common\pa_ringbuffer.h">
      <Filter>Source Files\common</Filter>
    </ClInclude>
    <ClInclude Include="..\..\..\lib-src\portaudio-v19\src\common\pa_stream.h">
      <Filter>Source Files\common</Filter>
    </ClInclude>
    <ClInclude Include="..\..\..\lib-src\portaudio-v19\src\common\pa_trace.h">
      <Filter>Source Files\common</Filter>
    </ClInclude>
    <ClInclude Include="..\..\..\lib-src\portaudio-v19\src\common\pa_types.h">
      <Filter>Source Files\common</Filter>
    </ClInclude>
    <ClInclude Include="..\..\..\lib-src\portaudio-v19\src\common\pa_util.h">
      <Filter>Source Files\common</Filter>
    </ClInclude>
    <ClInclude Include="..\..\..\lib-src\portaudio-v19\src\os\win\pa_win_coinitialize.h">
      <Filter>Source Files\os</Filter>
    </ClInclude>
    <ClInclude Include="..\..\..\lib-src\portaudio-v19\include\pa_win_waveformat.h">
      <Filter>Source Files\os</Filter>
    </ClInclude>
    <ClInclude Include="..\..\..\lib-src\portaudio-v19\src\os\win\pa_win_wdmks_utils.h">
      <Filter>Source Files\os</Filter>
    </ClInclude>
    <ClInclude Include="..\..\..\lib-src\portaudio-v19\src\os\win\pa_x86_plain_converters.h">
      <Filter>Source Files\os</Filter>
    </ClInclude>
    <ClInclude Include="..\..\..\lib-src\portaudio-v19\include\pa_win_ds.h">
      <Filter>Header Files</Filter>
    </ClInclude>
    <ClInclude Include="..\..\..\lib-src\portaudio-v19\include\pa_win_wmme.h">
      <Filter>Header Files</Filter>
    </ClInclude>
    <ClInclude Include="..\..\..\lib-src\portaudio-v19\include\portaudio.h">
      <Filter>Header Files</Filter>
    </ClInclude>
  </ItemGroup>
  <ItemGroup>
    <CustomBuild Include="..\..\..\lib-src\portaudio-v19\src\hostapi\dsound\pa_win_ds_dynlink.h">
      <Filter>Source Files\hostapi\dsound</Filter>
    </CustomBuild>
    <CustomBuild Include="..\..\..\lib-src\portaudio-v19\src\hostapi\asio\iasiothiscallresolver.h">
      <Filter>Source Files\hostapi\asio</Filter>
    </CustomBuild>
    <CustomBuild Include="..\..\..\lib-src\portaudio-v19\src\hostapi\jack\pa_jack_dynload.h">
      <Filter>Source Files\hostapi\jack</Filter>
    </CustomBuild>
  </ItemGroup>
</Project>