// !$*UTF8*$!
{
	archiveVersion = 1;
	classes = {
	};
	objectVersion = 42;
	objects = {

/* Begin PBXBuildFile section */
		3D6E91710E351D8300FE12E2 /* FFT3.cpp in Sources */ = {isa = PBXBuildFile; fileRef = 3D6E916F0E351D8300FE12E2 /* FFT3.cpp */; };
		3D6E91720E351D8300FE12E2 /* FFT3.h in CopyFiles */ = {isa = PBXBuildFile; fileRef = 3D6E91700E351D8300FE12E2 /* FFT3.h */; };
		3D848DC60E2C391300EDB5E3 /* audiofilereader.cpp in Sources */ = {isa = PBXBuildFile; fileRef = 3D848DC50E2C391300EDB5E3 /* audiofilereader.cpp */; };
		3D848DC90E2C392600EDB5E3 /* audioreader.cpp in Sources */ = {isa = PBXBuildFile; fileRef = 3D848DC80E2C392600EDB5E3 /* audioreader.cpp */; };
		3D848E540E2CE2B300EDB5E3 /* alignfiles.cpp in Sources */ = {isa = PBXBuildFile; fileRef = 3D848E530E2CE2B300EDB5E3 /* alignfiles.cpp */; };
		3D848E7A0E2CEC4200EDB5E3 /* main.cpp in Sources */ = {isa = PBXBuildFile; fileRef = 3D848E790E2CEC4200EDB5E3 /* main.cpp */; };
		3D9037AD0CC7CB3C00F46FD5 /* comp_chroma.cpp in Sources */ = {isa = PBXBuildFile; fileRef = 3D9037AB0CC7CB3C00F46FD5 /* comp_chroma.cpp */; };
		3D9037AE0CC7CB3C00F46FD5 /* comp_chroma.h in CopyFiles */ = {isa = PBXBuildFile; fileRef = 3D9037AC0CC7CB3C00F46FD5 /* comp_chroma.h */; };
		3D9037B10CC7CB9C00F46FD5 /* gen_chroma.cpp in Sources */ = {isa = PBXBuildFile; fileRef = 3D9037AF0CC7CB9C00F46FD5 /* gen_chroma.cpp */; };
		3D9037B20CC7CB9C00F46FD5 /* gen_chroma.h in CopyFiles */ = {isa = PBXBuildFile; fileRef = 3D9037B00CC7CB9C00F46FD5 /* gen_chroma.h */; };
		3D9037B80CC7D16200F46FD5 /* regression.cpp in Sources */ = {isa = PBXBuildFile; fileRef = 3D9037B70CC7D16200F46FD5 /* regression.cpp */; };
		3D9037BA0CC7D18400F46FD5 /* regression.h in CopyFiles */ = {isa = PBXBuildFile; fileRef = 3D9037B90CC7D18400F46FD5 /* regression.h */; };
		3D9037BD0CC7D18F00F46FD5 /* scorealign.cpp in Sources */ = {isa = PBXBuildFile; fileRef = 3D9037BB0CC7D18F00F46FD5 /* scorealign.cpp */; };
		3D9037BE0CC7D18F00F46FD5 /* scorealign.h in CopyFiles */ = {isa = PBXBuildFile; fileRef = 3D9037BC0CC7D18F00F46FD5 /* scorealign.h */; };
		3D9037E20CC7E2E000F46FD5 /* allegro.cpp in Sources */ = {isa = PBXBuildFile; fileRef = 3D9037E10CC7E2E000F46FD5 /* allegro.cpp */; };
		3D9037E40CC7E2F700F46FD5 /* allegro.h in CopyFiles */ = {isa = PBXBuildFile; fileRef = 3D9037E30CC7E2F700F46FD5 /* allegro.h */; };
		3D9037E60CC7E30600F46FD5 /* allegrord.cpp in Sources */ = {isa = PBXBuildFile; fileRef = 3D9037E50CC7E30600F46FD5 /* allegrord.cpp */; };
		3D9037E80CC7E31300F46FD5 /* allegrosmfrd.cpp in Sources */ = {isa = PBXBuildFile; fileRef = 3D9037E70CC7E31300F46FD5 /* allegrosmfrd.cpp */; };
		3D9037EA0CC7E31C00F46FD5 /* allegrowr.cpp in Sources */ = {isa = PBXBuildFile; fileRef = 3D9037E90CC7E31C00F46FD5 /* allegrowr.cpp */; };
		3D9037EC0CC7E32400F46FD5 /* allegrosmfwr.cpp in Sources */ = {isa = PBXBuildFile; fileRef = 3D9037EB0CC7E32400F46FD5 /* allegrosmfwr.cpp */; };
		3D9037EF0CC7E33200F46FD5 /* mfmidi.cpp in Sources */ = {isa = PBXBuildFile; fileRef = 3D9037ED0CC7E33200F46FD5 /* mfmidi.cpp */; };
		3D9037F30CC7E33D00F46FD5 /* strparse.cpp in Sources */ = {isa = PBXBuildFile; fileRef = 3D9037F10CC7E33D00F46FD5 /* strparse.cpp */; };
		3D9037F40CC7E33D00F46FD5 /* strparse.h in CopyFiles */ = {isa = PBXBuildFile; fileRef = 3D9037F20CC7E33D00F46FD5 /* strparse.h */; };
		3D9037FF0CC7E46700F46FD5 /* mfmidi.h in CopyFiles */ = {isa = PBXBuildFile; fileRef = 3D9037FE0CC7E46700F46FD5 /* mfmidi.h */; };
		3D9038800CC9B54000F46FD5 /* curvefit.h in CopyFiles */ = {isa = PBXBuildFile; fileRef = 3D90387E0CC9B54000F46FD5 /* curvefit.h */; };
		3D9038810CC9B54000F46FD5 /* curvefit.cpp in Sources */ = {isa = PBXBuildFile; fileRef = 3D90387F0CC9B54000F46FD5 /* curvefit.cpp */; };
		3D9038880CCA25E100F46FD5 /* hillclimb.h in CopyFiles */ = {isa = PBXBuildFile; fileRef = 3D9038860CCA25E100F46FD5 /* hillclimb.h */; };
		3D9038890CCA25E100F46FD5 /* hillclimb.cpp in Sources */ = {isa = PBXBuildFile; fileRef = 3D9038870CCA25E100F46FD5 /* hillclimb.cpp */; };
		3D9038DE0CCA815D00F46FD5 /* sautils.h in CopyFiles */ = {isa = PBXBuildFile; fileRef = 3D9038DC0CCA815D00F46FD5 /* sautils.h */; };
		3D9038DF0CCA815D00F46FD5 /* sautils.cpp in Sources */ = {isa = PBXBuildFile; fileRef = 3D9038DD0CCA815D00F46FD5 /* sautils.cpp */; };
		8DD76F6A0486A84900D96B5E /* scorealign.1 in CopyFiles */ = {isa = PBXBuildFile; fileRef = C6859E8B029090EE04C91782 /* scorealign.1 */; };
/* End PBXBuildFile section */

/* Begin PBXCopyFilesBuildPhase section */
		8DD76F690486A84900D96B5E /* CopyFiles */ = {
			isa = PBXCopyFilesBuildPhase;
			buildActionMask = 8;
			dstPath = /usr/share/man/man1/;
			dstSubfolderSpec = 0;
			files = (
				8DD76F6A0486A84900D96B5E /* scorealign.1 in CopyFiles */,
				3D9037AE0CC7CB3C00F46FD5 /* comp_chroma.h in CopyFiles */,
				3D9037B20CC7CB9C00F46FD5 /* gen_chroma.h in CopyFiles */,
				3D9037BA0CC7D18400F46FD5 /* regression.h in CopyFiles */,
				3D9037BE0CC7D18F00F46FD5 /* scorealign.h in CopyFiles */,
				3D9037E40CC7E2F700F46FD5 /* allegro.h in CopyFiles */,
				3D9037F40CC7E33D00F46FD5 /* strparse.h in CopyFiles */,
				3D9037FF0CC7E46700F46FD5 /* mfmidi.h in CopyFiles */,
				3D9038800CC9B54000F46FD5 /* curvefit.h in CopyFiles */,
				3D9038880CCA25E100F46FD5 /* hillclimb.h in CopyFiles */,
				3D9038DE0CCA815D00F46FD5 /* sautils.h in CopyFiles */,
				3D6E91720E351D8300FE12E2 /* FFT3.h in CopyFiles */,
			);
			runOnlyForDeploymentPostprocessing = 1;
		};
/* End PBXCopyFilesBuildPhase section */

/* Begin PBXFileReference section */
		3D6E916F0E351D8300FE12E2 /* FFT3.cpp */ = {isa = PBXFileReference; fileEncoding = 30; lastKnownFileType = sourcecode.cpp.cpp; name = FFT3.cpp; path = fft3/FFT3.cpp; sourceTree = "<group>"; };
		3D6E91700E351D8300FE12E2 /* FFT3.h */ = {isa = PBXFileReference; fileEncoding = 30; lastKnownFileType = sourcecode.c.h; name = FFT3.h; path = fft3/FFT3.h; sourceTree = "<group>"; };
		3D848DC50E2C391300EDB5E3 /* audiofilereader.cpp */ = {isa = PBXFileReference; fileEncoding = 30; lastKnownFileType = sourcecode.cpp.cpp; path = audiofilereader.cpp; sourceTree = "<group>"; };
		3D848DC80E2C392600EDB5E3 /* audioreader.cpp */ = {isa = PBXFileReference; fileEncoding = 30; lastKnownFileType = sourcecode.cpp.cpp; path = audioreader.cpp; sourceTree = "<group>"; };
		3D848E530E2CE2B300EDB5E3 /* alignfiles.cpp */ = {isa = PBXFileReference; fileEncoding = 30; lastKnownFileType = sourcecode.cpp.cpp; path = alignfiles.cpp; sourceTree = "<group>"; };
		3D848E790E2CEC4200EDB5E3 /* main.cpp */ = {isa = PBXFileReference; fileEncoding = 30; lastKnownFileType = sourcecode.cpp.cpp; path = main.cpp; sourceTree = "<group>"; };
		3D9037AB0CC7CB3C00F46FD5 /* comp_chroma.cpp */ = {isa = PBXFileReference; fileEncoding = 30; lastKnownFileType = sourcecode.cpp.cpp; path = comp_chroma.cpp; sourceTree = "<group>"; };
		3D9037AC0CC7CB3C00F46FD5 /* comp_chroma.h */ = {isa = PBXFileReference; fileEncoding = 30; lastKnownFileType = sourcecode.c.h; path = comp_chroma.h; sourceTree = "<group>"; };
		3D9037AF0CC7CB9C00F46FD5 /* gen_chroma.cpp */ = {isa = PBXFileReference; fileEncoding = 30; lastKnownFileType = sourcecode.cpp.cpp; path = gen_chroma.cpp; sourceTree = "<group>"; };
		3D9037B00CC7CB9C00F46FD5 /* gen_chroma.h */ = {isa = PBXFileReference; fileEncoding = 30; lastKnownFileType = sourcecode.c.h; path = gen_chroma.h; sourceTree = "<group>"; };
		3D9037B70CC7D16200F46FD5 /* regression.cpp */ = {isa = PBXFileReference; fileEncoding = 30; lastKnownFileType = sourcecode.cpp.cpp; path = regression.cpp; sourceTree = "<group>"; };
		3D9037B90CC7D18400F46FD5 /* regression.h */ = {isa = PBXFileReference; fileEncoding = 30; lastKnownFileType = sourcecode.c.h; path = regression.h; sourceTree = "<group>"; };
		3D9037BB0CC7D18F00F46FD5 /* scorealign.cpp */ = {isa = PBXFileReference; fileEncoding = 30; indentWidth = 4; lastKnownFileType = sourcecode.cpp.cpp; path = scorealign.cpp; sourceTree = "<group>"; tabWidth = 4; usesTabs = 0; };
		3D9037BC0CC7D18F00F46FD5 /* scorealign.h */ = {isa = PBXFileReference; fileEncoding = 30; lastKnownFileType = sourcecode.c.h; path = scorealign.h; sourceTree = "<group>"; };
		3D9037E10CC7E2E000F46FD5 /* allegro.cpp */ = {isa = PBXFileReference; fileEncoding = 30; lastKnownFileType = sourcecode.cpp.cpp; name = allegro.cpp; path = ../portsmf/allegro.cpp; sourceTree = SOURCE_ROOT; };
		3D9037E30CC7E2F700F46FD5 /* allegro.h */ = {isa = PBXFileReference; fileEncoding = 30; lastKnownFileType = sourcecode.c.h; name = allegro.h; path = ../portsmf/allegro.h; sourceTree = SOURCE_ROOT; };
		3D9037E50CC7E30600F46FD5 /* allegrord.cpp */ = {isa = PBXFileReference; fileEncoding = 30; lastKnownFileType = sourcecode.cpp.cpp; name = allegrord.cpp; path = ../portsmf/allegrord.cpp; sourceTree = SOURCE_ROOT; };
		3D9037E70CC7E31300F46FD5 /* allegrosmfrd.cpp */ = {isa = PBXFileReference; fileEncoding = 30; lastKnownFileType = sourcecode.cpp.cpp; name = allegrosmfrd.cpp; path = ../portsmf/allegrosmfrd.cpp; sourceTree = SOURCE_ROOT; };
		3D9037E90CC7E31C00F46FD5 /* allegrowr.cpp */ = {isa = PBXFileReference; fileEncoding = 30; lastKnownFileType = sourcecode.cpp.cpp; name = allegrowr.cpp; path = ../portsmf/allegrowr.cpp; sourceTree = SOURCE_ROOT; };
		3D9037EB0CC7E32400F46FD5 /* allegrosmfwr.cpp */ = {isa = PBXFileReference; fileEncoding = 30; lastKnownFileType = sourcecode.cpp.cpp; name = allegrosmfwr.cpp; path = ../portsmf/allegrosmfwr.cpp; sourceTree = SOURCE_ROOT; };
		3D9037ED0CC7E33200F46FD5 /* mfmidi.cpp */ = {isa = PBXFileReference; fileEncoding = 30; lastKnownFileType = sourcecode.cpp.cpp; name = mfmidi.cpp; path = ../portsmf/mfmidi.cpp; sourceTree = SOURCE_ROOT; };
		3D9037F10CC7E33D00F46FD5 /* strparse.cpp */ = {isa = PBXFileReference; fileEncoding = 30; lastKnownFileType = sourcecode.cpp.cpp; name = strparse.cpp; path = ../portsmf/strparse.cpp; sourceTree = SOURCE_ROOT; };
		3D9037F20CC7E33D00F46FD5 /* strparse.h */ = {isa = PBXFileReference; fileEncoding = 30; lastKnownFileType = sourcecode.c.h; name = strparse.h; path = ../portsmf/strparse.h; sourceTree = SOURCE_ROOT; };
		3D9037FE0CC7E46700F46FD5 /* mfmidi.h */ = {isa = PBXFileReference; fileEncoding = 30; lastKnownFileType = sourcecode.c.h; name = mfmidi.h; path = ../portsmf/mfmidi.h; sourceTree = SOURCE_ROOT; };
		3D90387E0CC9B54000F46FD5 /* curvefit.h */ = {isa = PBXFileReference; fileEncoding = 4; lastKnownFileType = sourcecode.c.h; path = curvefit.h; sourceTree = "<group>"; };
		3D90387F0CC9B54000F46FD5 /* curvefit.cpp */ = {isa = PBXFileReference; fileEncoding = 4; lastKnownFileType = sourcecode.cpp.cpp; path = curvefit.cpp; sourceTree = "<group>"; };
		3D9038860CCA25E100F46FD5 /* hillclimb.h */ = {isa = PBXFileReference; fileEncoding = 4; lastKnownFileType = sourcecode.c.h; path = hillclimb.h; sourceTree = "<group>"; };
		3D9038870CCA25E100F46FD5 /* hillclimb.cpp */ = {isa = PBXFileReference; fileEncoding = 4; lastKnownFileType = sourcecode.cpp.cpp; path = hillclimb.cpp; sourceTree = "<group>"; };
		3D9038DC0CCA815D00F46FD5 /* sautils.h */ = {isa = PBXFileReference; fileEncoding = 4; lastKnownFileType = sourcecode.c.h; path = sautils.h; sourceTree = "<group>"; };
		3D9038DD0CCA815D00F46FD5 /* sautils.cpp */ = {isa = PBXFileReference; fileEncoding = 4; lastKnownFileType = sourcecode.cpp.cpp; path = sautils.cpp; sourceTree = "<group>"; };
		8DD76F6C0486A84900D96B5E /* scorealign */ = {isa = PBXFileReference; explicitFileType = "compiled.mach-o.executable"; includeInIndex = 0; path = scorealign; sourceTree = BUILT_PRODUCTS_DIR; };
		C6859E8B029090EE04C91782 /* scorealign.1 */ = {isa = PBXFileReference; lastKnownFileType = text.man; path = scorealign.1; sourceTree = "<group>"; };
/* End PBXFileReference section */

/* Begin PBXFrameworksBuildPhase section */
		8DD76F660486A84900D96B5E /* Frameworks */ = {
			isa = PBXFrameworksBuildPhase;
			buildActionMask = 2147483647;
			files = (
			);
			runOnlyForDeploymentPostprocessing = 0;
		};
/* End PBXFrameworksBuildPhase section */

/* Begin PBXGroup section */
		08FB7794FE84155DC02AAC07 /* scorealign */ = {
			isa = PBXGroup;
			children = (
				08FB7795FE84155DC02AAC07 /* Source */,
				C6859E8C029090F304C91782 /* Documentation */,
				1AB674ADFE9D54B511CA2CBB /* Products */,
			);
			name = scorealign;
			sourceTree = "<group>";
		};
		08FB7795FE84155DC02AAC07 /* Source */ = {
			isa = PBXGroup;
			children = (
				3D6E916F0E351D8300FE12E2 /* FFT3.cpp */,
				3D6E91700E351D8300FE12E2 /* FFT3.h */,
				3D9038DC0CCA815D00F46FD5 /* sautils.h */,
				3D9038DD0CCA815D00F46FD5 /* sautils.cpp */,
				3D9038860CCA25E100F46FD5 /* hillclimb.h */,
				3D9038870CCA25E100F46FD5 /* hillclimb.cpp */,
				3D90387E0CC9B54000F46FD5 /* curvefit.h */,
				3D90387F0CC9B54000F46FD5 /* curvefit.cpp */,
				3D9037F10CC7E33D00F46FD5 /* strparse.cpp */,
				3D9037F20CC7E33D00F46FD5 /* strparse.h */,
				3D9037ED0CC7E33200F46FD5 /* mfmidi.cpp */,
				3D9037EB0CC7E32400F46FD5 /* allegrosmfwr.cpp */,
				3D9037E90CC7E31C00F46FD5 /* allegrowr.cpp */,
				3D848DC80E2C392600EDB5E3 /* audioreader.cpp */,
				3D848E790E2CEC4200EDB5E3 /* main.cpp */,
				3D848DC50E2C391300EDB5E3 /* audiofilereader.cpp */,
				3D9037E70CC7E31300F46FD5 /* allegrosmfrd.cpp */,
				3D9037E50CC7E30600F46FD5 /* allegrord.cpp */,
				3D9037E30CC7E2F700F46FD5 /* allegro.h */,
				3D848E530E2CE2B300EDB5E3 /* alignfiles.cpp */,
				3D9037E10CC7E2E000F46FD5 /* allegro.cpp */,
				3D9037BC0CC7D18F00F46FD5 /* scorealign.h */,
				3D9037B90CC7D18400F46FD5 /* regression.h */,
				3D9037B70CC7D16200F46FD5 /* regression.cpp */,
				3D9037AF0CC7CB9C00F46FD5 /* gen_chroma.cpp */,
				3D9037B00CC7CB9C00F46FD5 /* gen_chroma.h */,
				3D9037AB0CC7CB3C00F46FD5 /* comp_chroma.cpp */,
				3D9037FE0CC7E46700F46FD5 /* mfmidi.h */,
				3D9037AC0CC7CB3C00F46FD5 /* comp_chroma.h */,
				3D9037BB0CC7D18F00F46FD5 /* scorealign.cpp */,
			);
			name = Source;
			sourceTree = "<group>";
		};
		1AB674ADFE9D54B511CA2CBB /* Products */ = {
			isa = PBXGroup;
			children = (
				8DD76F6C0486A84900D96B5E /* scorealign */,
			);
			name = Products;
			sourceTree = "<group>";
		};
		C6859E8C029090F304C91782 /* Documentation */ = {
			isa = PBXGroup;
			children = (
				C6859E8B029090EE04C91782 /* scorealign.1 */,
			);
			name = Documentation;
			sourceTree = "<group>";
		};
/* End PBXGroup section */

/* Begin PBXNativeTarget section */
		8DD76F620486A84900D96B5E /* scorealign */ = {
			isa = PBXNativeTarget;
			buildConfigurationList = 1DEB923108733DC60010E9CD /* Build configuration list for PBXNativeTarget "scorealign" */;
			buildPhases = (
				8DD76F640486A84900D96B5E /* Sources */,
				8DD76F660486A84900D96B5E /* Frameworks */,
				8DD76F690486A84900D96B5E /* CopyFiles */,
			);
			buildRules = (
			);
			dependencies = (
			);
			name = scorealign;
			productInstallPath = "$(HOME)/bin";
			productName = scorealign;
			productReference = 8DD76F6C0486A84900D96B5E /* scorealign */;
			productType = "com.apple.product-type.tool";
		};
/* End PBXNativeTarget section */

/* Begin PBXProject section */
		08FB7793FE84155DC02AAC07 /* Project object */ = {
			isa = PBXProject;
			buildConfigurationList = 1DEB923508733DC60010E9CD /* Build configuration list for PBXProject "scorealign" */;
			compatibilityVersion = "Xcode 2.4";
			developmentRegion = English;
			hasScannedForEncodings = 1;
			knownRegions = (
				English,
				Japanese,
				French,
				German,
			);
			mainGroup = 08FB7794FE84155DC02AAC07 /* scorealign */;
			projectDirPath = "";
			projectRoot = "";
			targets = (
				8DD76F620486A84900D96B5E /* scorealign */,
			);
		};
/* End PBXProject section */

/* Begin PBXSourcesBuildPhase section */
		8DD76F640486A84900D96B5E /* Sources */ = {
			isa = PBXSourcesBuildPhase;
			buildActionMask = 2147483647;
			files = (
				3D9037AD0CC7CB3C00F46FD5 /* comp_chroma.cpp in Sources */,
				3D9037B10CC7CB9C00F46FD5 /* gen_chroma.cpp in Sources */,
				3D9037B80CC7D16200F46FD5 /* regression.cpp in Sources */,
				3D9037BD0CC7D18F00F46FD5 /* scorealign.cpp in Sources */,
				3D9037E20CC7E2E000F46FD5 /* allegro.cpp in Sources */,
				3D9037E60CC7E30600F46FD5 /* allegrord.cpp in Sources */,
				3D9037E80CC7E31300F46FD5 /* allegrosmfrd.cpp in Sources */,
				3D9037EA0CC7E31C00F46FD5 /* allegrowr.cpp in Sources */,
				3D9037EC0CC7E32400F46FD5 /* allegrosmfwr.cpp in Sources */,
				3D9037EF0CC7E33200F46FD5 /* mfmidi.cpp in Sources */,
				3D9037F30CC7E33D00F46FD5 /* strparse.cpp in Sources */,
				3D9038890CCA25E100F46FD5 /* hillclimb.cpp in Sources */,
				3D9038810CC9B54000F46FD5 /* curvefit.cpp in Sources */,
				3D9038DF0CCA815D00F46FD5 /* sautils.cpp in Sources */,
				3D848DC60E2C391300EDB5E3 /* audiofilereader.cpp in Sources */,
				3D848DC90E2C392600EDB5E3 /* audioreader.cpp in Sources */,
				3D848E540E2CE2B300EDB5E3 /* alignfiles.cpp in Sources */,
				3D848E7A0E2CEC4200EDB5E3 /* main.cpp in Sources */,
				3D6E91710E351D8300FE12E2 /* FFT3.cpp in Sources */,
			);
			runOnlyForDeploymentPostprocessing = 0;
		};
/* End PBXSourcesBuildPhase section */

/* Begin XCBuildConfiguration section */
		1DEB923208733DC60010E9CD /* Debug */ = {
			isa = XCBuildConfiguration;
			buildSettings = {
				COPY_PHASE_STRIP = NO;
				GCC_DYNAMIC_NO_PIC = NO;
				GCC_ENABLE_FIX_AND_CONTINUE = YES;
				GCC_MODEL_TUNING = G5;
				GCC_OPTIMIZATION_LEVEL = 0;
				INSTALL_PATH = "$(HOME)/bin";
				OTHER_LDFLAGS = (
					"-L/usr/local/lib",
					"-lsndfile",
				);
				PRODUCT_NAME = scorealign;
				USER_HEADER_SEARCH_PATHS = "../portsmf/ /usr/local/include";
				ZERO_LINK = YES;
			};
			name = Debug;
		};
		1DEB923308733DC60010E9CD /* Release */ = {
			isa = XCBuildConfiguration;
			buildSettings = {
				ARCHS = "$(NATIVE_ARCH_ACTUAL)";
				GCC_GENERATE_DEBUGGING_SYMBOLS = NO;
				GCC_MODEL_TUNING = G5;
				INSTALL_PATH = "$(HOME)/bin";
				OTHER_LDFLAGS = (
					"-L/usr/local/lib",
					"-lsndfile",
				);
				PRODUCT_NAME = scorealign;
				USER_HEADER_SEARCH_PATHS = ../portsmf/;
			};
			name = Release;
		};
		1DEB923608733DC60010E9CD /* Debug */ = {
			isa = XCBuildConfiguration;
			buildSettings = {
				GCC_WARN_ABOUT_RETURN_TYPE = YES;
				GCC_WARN_UNUSED_VARIABLE = YES;
				PREBINDING = NO;
				SDKROOT = "";
				USER_HEADER_SEARCH_PATHS = ../portsmf/;
			};
			name = Debug;
		};
		1DEB923708733DC60010E9CD /* Release */ = {
			isa = XCBuildConfiguration;
			buildSettings = {
				GCC_WARN_ABOUT_RETURN_TYPE = YES;
				GCC_WARN_UNUSED_VARIABLE = YES;
				PREBINDING = NO;
				SDKROOT = "";
			};
			name = Release;
		};
/* End XCBuildConfiguration section */

/* Begin XCConfigurationList section */
		1DEB923108733DC60010E9CD /* Build configuration list for PBXNativeTarget "scorealign" */ = {
			isa = XCConfigurationList;
			buildConfigurations = (
				1DEB923208733DC60010E9CD /* Debug */,
				1DEB923308733DC60010E9CD /* Release */,
			);
			defaultConfigurationIsVisible = 0;
			defaultConfigurationName = Release;
		};
		1DEB923508733DC60010E9CD /* Build configuration list for PBXProject "scorealign" */ = {
			isa = XCConfigurationList;
			buildConfigurations = (
				1DEB923608733DC60010E9CD /* Debug */,
				1DEB923708733DC60010E9CD /* Release */,
			);
			defaultConfigurationIsVisible = 0;
			defaultConfigurationName = Release;
		};
/* End XCConfigurationList section */
	};
	rootObject = 08FB7793FE84155DC02AAC07 /* Project object */;
}
