Microsoft Visual Studio Solution File, Format Version 11.00
# Visual C++ Express 2010
Project("{8BC9CEB8-8B4A-11D0-8D11-00A0C91BC942}") = "scorealign-vc2010", "scorealign-vc2010.vcxproj", "{5F04DE5D-0A34-496E-8A34-BE30BA9C70A1}"
EndProject
Global
	GlobalSection(SolutionConfigurationPlatforms) = preSolution
		Debug|Win32 = Debug|Win32
		Release|Win32 = Release|Win32
	EndGlobalSection
	GlobalSection(ProjectConfigurationPlatforms) = postSolution
		{5F04DE5D-0A34-496E-8A34-BE30BA9C70A1}.Debug|Win32.ActiveCfg = Debug|Win32
		{5F04DE5D-0A34-496E-8A34-BE30BA9C70A1}.Debug|Win32.Build.0 = Debug|Win32
		{5F04DE5D-0A34-496E-8A34-BE30BA9C70A1}.Release|Win32.ActiveCfg = Release|Win32
		{5F04DE5D-0A34-496E-8A34-BE30BA9C70A1}.Release|Win32.Build.0 = Release|Win32
	EndGlobalSection
	GlobalSection(SolutionProperties) = preSolution
		HideSolutionNode = FALSE
	EndGlobalSection
EndGlobal
